{
  "version": 4,
  "terraform_version": "1.14.8",
  "serial": 121,
  "lineage": "348668fa-d356-a76f-8143-2cc871feb75b",
  "outputs": {
    "bastion_name": {
      "value": "bastion-acclotlab",
      "type": "string"
    },
    "bastion_public_ip": {
      "value": "172.182.233.4",
      "type": "string"
    },
    "vm_names": {
      "value": [
        "lab-vm-1",
        "lab-vm-2",
        "lab-vm-3",
        "lab-vm-4",
        "lab-vm-5",
        "lab-vm-6",
        "lab-vm-7",
        "lab-vm-8",
        "lab-vm-9",
        "lab-vm-10",
        "lab-vm-11",
        "lab-vm-12",
        "lab-vm-13",
        "lab-vm-14",
        "lab-vm-15",
        "lab-vm-16",
        "lab-vm-17",
        "lab-vm-18",
        "lab-vm-19",
        "lab-vm-20"
      ],
      "type": [
        "tuple",
        [
          "string",
          "string",
          "string",
          "string",
          "string",
          "string",
          "string",
          "string",
          "string",
          "string",
          "string",
          "string",
          "string",
          "string",
          "string",
          "string",
          "string",
          "string",
          "string",
          "string"
        ]
      ]
    },
    "vm_private_ips": {
      "value": [
        "10.20.1.4",
        "10.20.1.9",
        "10.20.1.19",
        "10.20.1.17",
        "10.20.1.16",
        "10.20.1.22",
        "10.20.1.7",
        "10.20.1.21",
        "10.20.1.6",
        "10.20.1.20",
        "10.20.1.13",
        "10.20.1.8",
        "10.20.1.10",
        "10.20.1.12",
        "10.20.1.15",
        "10.20.1.14",
        "10.20.1.23",
        "10.20.1.18",
        "10.20.1.5",
        "10.20.1.11"
      ],
      "type": [
        "tuple",
        [
          "string",
          "string",
          "string",
          "string",
          "string",
          "string",
          "string",
          "string",
          "string",
          "string",
          "string",
          "string",
          "string",
          "string",
          "string",
          "string",
          "string",
          "string",
          "string",
          "string"
        ]
      ]
    }
  },
  "resources": [
    {
      "mode": "managed",
      "type": "azurerm_bastion_host",
      "name": "bastion",
      "provider": "provider[\"registry.terraform.io/hashicorp/azurerm\"]",
      "instances": [
        {
          "schema_version": 0,
          "attributes": {
            "copy_paste_enabled": true,
            "dns_name": "bst-2a10a324-9234-447a-a287-13d4a32788b7.bastion.azure.com",
            "file_copy_enabled": false,
            "id": "/subscriptions/086e7bea-9a5e-40f0-9495-7d00486c88b2/resourceGroups/rg-acclotlab-bckosf/providers/Microsoft.Network/bastionHosts/bastion-acclotlab",
            "ip_configuration": [
              {
                "name": "ipconfig1",
                "public_ip_address_id": "/subscriptions/086e7bea-9a5e-40f0-9495-7d00486c88b2/resourceGroups/rg-acclotlab-bckosf/providers/Microsoft.Network/publicIPAddresses/pip-bastion-lab",
                "subnet_id": "/subscriptions/086e7bea-9a5e-40f0-9495-7d00486c88b2/resourceGroups/rg-acclotlab-bckosf/providers/Microsoft.Network/virtualNetworks/vnet-acclotlab/subnets/AzureBastionSubnet"
              }
            ],
            "ip_connect_enabled": false,
            "kerberos_enabled": false,
            "location": "westus3",
            "name": "bastion-acclotlab",
            "resource_group_name": "rg-acclotlab-bckosf",
            "scale_units": 2,
            "shareable_link_enabled": true,
            "sku": "Standard",
            "tags": {
              "environment": "lab",
              "project": "acclotlab"
            },
            "timeouts": null,
            "tunneling_enabled": true,
            "virtual_network_id": ""
          },
          "sensitive_attributes": [],
          "identity_schema_version": 0,
          "private": "eyJlMmJmYjczMC1lY2FhLTExZTYtOGY4OC0zNDM2M2JjN2M0YzAiOnsiY3JlYXRlIjoxODAwMDAwMDAwMDAwLCJkZWxldGUiOjE4MDAwMDAwMDAwMDAsInJlYWQiOjMwMDAwMDAwMDAwMCwidXBkYXRlIjoxODAwMDAwMDAwMDAwfX0=",
          "dependencies": [
            "azurerm_public_ip.bastion",
            "azurerm_resource_group.rg",
            "azurerm_subnet.bastion",
            "azurerm_virtual_network.vnet"
          ]
        }
      ]
    },
    {
      "mode": "managed",
      "type": "azurerm_network_interface",
      "name": "lab",
      "provider": "provider[\"registry.terraform.io/hashicorp/azurerm\"]",
      "instances": [
        {
          "index_key": 0,
          "schema_version": 0,
          "attributes": {
            "accelerated_networking_enabled": false,
            "applied_dns_servers": [],
            "auxiliary_mode": "",
            "auxiliary_sku": "",
            "dns_servers": [],
            "edge_zone": "",
            "enable_accelerated_networking": false,
            "enable_ip_forwarding": false,
            "id": "/subscriptions/086e7bea-9a5e-40f0-9495-7d00486c88b2/resourceGroups/rg-acclotlab-bckosf/providers/Microsoft.Network/networkInterfaces/nic-lab-vm-1",
            "internal_dns_name_label": "",
            "internal_domain_name_suffix": "4ollctm2rqiejasfonvprciiug.phxx.internal.cloudapp.net",
            "ip_configuration": [
              {
                "gateway_load_balancer_frontend_ip_configuration_id": "",
                "name": "ipconfig1",
                "primary": true,
                "private_ip_address": "10.20.1.4",
                "private_ip_address_allocation": "Dynamic",
                "private_ip_address_version": "IPv4",
                "public_ip_address_id": "",
                "subnet_id": "/subscriptions/086e7bea-9a5e-40f0-9495-7d00486c88b2/resourceGroups/rg-acclotlab-bckosf/providers/Microsoft.Network/virtualNetworks/vnet-acclotlab/subnets/snet-acclotlab"
              }
            ],
            "ip_forwarding_enabled": false,
            "location": "westus3",
            "mac_address": "60-45-BD-AA-3A-96",
            "name": "nic-lab-vm-1",
            "private_ip_address": "10.20.1.4",
            "private_ip_addresses": [
              "10.20.1.4"
            ],
            "resource_group_name": "rg-acclotlab-bckosf",
            "tags": {
              "environment": "lab",
              "project": "acclotlab"
            },
            "timeouts": null,
            "virtual_machine_id": "/subscriptions/086e7bea-9a5e-40f0-9495-7d00486c88b2/resourceGroups/rg-acclotlab-bckosf/providers/Microsoft.Compute/virtualMachines/lab-vm-1"
          },
          "sensitive_attributes": [],
          "identity_schema_version": 0,
          "private": "eyJlMmJmYjczMC1lY2FhLTExZTYtOGY4OC0zNDM2M2JjN2M0YzAiOnsiY3JlYXRlIjoxODAwMDAwMDAwMDAwLCJkZWxldGUiOjE4MDAwMDAwMDAwMDAsInJlYWQiOjMwMDAwMDAwMDAwMCwidXBkYXRlIjoxODAwMDAwMDAwMDAwfX0=",
          "dependencies": [
            "azurerm_resource_group.rg",
            "azurerm_subnet.lab",
            "azurerm_virtual_network.vnet"
          ]
        },
        {
          "index_key": 1,
          "schema_version": 0,
          "attributes": {
            "accelerated_networking_enabled": false,
            "applied_dns_servers": [],
            "auxiliary_mode": "",
            "auxiliary_sku": "",
            "dns_servers": [],
            "edge_zone": "",
            "enable_accelerated_networking": false,
            "enable_ip_forwarding": false,
            "id": "/subscriptions/086e7bea-9a5e-40f0-9495-7d00486c88b2/resourceGroups/rg-acclotlab-bckosf/providers/Microsoft.Network/networkInterfaces/nic-lab-vm-2",
            "internal_dns_name_label": "",
            "internal_domain_name_suffix": "4ollctm2rqiejasfonvprciiug.phxx.internal.cloudapp.net",
            "ip_configuration": [
              {
                "gateway_load_balancer_frontend_ip_configuration_id": "",
                "name": "ipconfig1",
                "primary": true,
                "private_ip_address": "10.20.1.9",
                "private_ip_address_allocation": "Dynamic",
                "private_ip_address_version": "IPv4",
                "public_ip_address_id": "",
                "subnet_id": "/subscriptions/086e7bea-9a5e-40f0-9495-7d00486c88b2/resourceGroups/rg-acclotlab-bckosf/providers/Microsoft.Network/virtualNetworks/vnet-acclotlab/subnets/snet-acclotlab"
              }
            ],
            "ip_forwarding_enabled": false,
            "location": "westus3",
            "mac_address": "",
            "name": "nic-lab-vm-2",
            "private_ip_address": "10.20.1.9",
            "private_ip_addresses": [
              "10.20.1.9"
            ],
            "resource_group_name": "rg-acclotlab-bckosf",
            "tags": {
              "environment": "lab",
              "project": "acclotlab"
            },
            "timeouts": null,
            "virtual_machine_id": ""
          },
          "sensitive_attributes": [],
          "identity_schema_version": 0,
          "private": "eyJlMmJmYjczMC1lY2FhLTExZTYtOGY4OC0zNDM2M2JjN2M0YzAiOnsiY3JlYXRlIjoxODAwMDAwMDAwMDAwLCJkZWxldGUiOjE4MDAwMDAwMDAwMDAsInJlYWQiOjMwMDAwMDAwMDAwMCwidXBkYXRlIjoxODAwMDAwMDAwMDAwfX0=",
          "dependencies": [
            "azurerm_resource_group.rg",
            "azurerm_subnet.lab",
            "azurerm_virtual_network.vnet"
          ]
        },
        {
          "index_key": 2,
          "schema_version": 0,
          "attributes": {
            "accelerated_networking_enabled": false,
            "applied_dns_servers": [],
            "auxiliary_mode": "",
            "auxiliary_sku": "",
            "dns_servers": [],
            "edge_zone": "",
            "enable_accelerated_networking": false,
            "enable_ip_forwarding": false,
            "id": "/subscriptions/086e7bea-9a5e-40f0-9495-7d00486c88b2/resourceGroups/rg-acclotlab-bckosf/providers/Microsoft.Network/networkInterfaces/nic-lab-vm-3",
            "internal_dns_name_label": "",
            "internal_domain_name_suffix": "4ollctm2rqiejasfonvprciiug.phxx.internal.cloudapp.net",
            "ip_configuration": [
              {
                "gateway_load_balancer_frontend_ip_configuration_id": "",
                "name": "ipconfig1",
                "primary": true,
                "private_ip_address": "10.20.1.19",
                "private_ip_address_allocation": "Dynamic",
                "private_ip_address_version": "IPv4",
                "public_ip_address_id": "",
                "subnet_id": "/subscriptions/086e7bea-9a5e-40f0-9495-7d00486c88b2/resourceGroups/rg-acclotlab-bckosf/providers/Microsoft.Network/virtualNetworks/vnet-acclotlab/subnets/snet-acclotlab"
              }
            ],
            "ip_forwarding_enabled": false,
            "location": "westus3",
            "mac_address": "",
            "name": "nic-lab-vm-3",
            "private_ip_address": "10.20.1.19",
            "private_ip_addresses": [
              "10.20.1.19"
            ],
            "resource_group_name": "rg-acclotlab-bckosf",
            "tags": {
              "environment": "lab",
              "project": "acclotlab"
            },
            "timeouts": null,
            "virtual_machine_id": ""
          },
          "sensitive_attributes": [],
          "identity_schema_version": 0,
          "private": "eyJlMmJmYjczMC1lY2FhLTExZTYtOGY4OC0zNDM2M2JjN2M0YzAiOnsiY3JlYXRlIjoxODAwMDAwMDAwMDAwLCJkZWxldGUiOjE4MDAwMDAwMDAwMDAsInJlYWQiOjMwMDAwMDAwMDAwMCwidXBkYXRlIjoxODAwMDAwMDAwMDAwfX0=",
          "dependencies": [
            "azurerm_resource_group.rg",
            "azurerm_subnet.lab",
            "azurerm_virtual_network.vnet"
          ]
        },
        {
          "index_key": 3,
          "schema_version": 0,
          "attributes": {
            "accelerated_networking_enabled": false,
            "applied_dns_servers": [],
            "auxiliary_mode": "",
            "auxiliary_sku": "",
            "dns_servers": [],
            "edge_zone": "",
            "enable_accelerated_networking": false,
            "enable_ip_forwarding": false,
            "id": "/subscriptions/086e7bea-9a5e-40f0-9495-7d00486c88b2/resourceGroups/rg-acclotlab-bckosf/providers/Microsoft.Network/networkInterfaces/nic-lab-vm-4",
            "internal_dns_name_label": "",
            "internal_domain_name_suffix": "4ollctm2rqiejasfonvprciiug.phxx.internal.cloudapp.net",
            "ip_configuration": [
              {
                "gateway_load_balancer_frontend_ip_configuration_id": "",
                "name": "ipconfig1",
                "primary": true,
                "private_ip_address": "10.20.1.17",
                "private_ip_address_allocation": "Dynamic",
                "private_ip_address_version": "IPv4",
                "public_ip_address_id": "",
                "subnet_id": "/subscriptions/086e7bea-9a5e-40f0-9495-7d00486c88b2/resourceGroups/rg-acclotlab-bckosf/providers/Microsoft.Network/virtualNetworks/vnet-acclotlab/subnets/snet-acclotlab"
              }
            ],
            "ip_forwarding_enabled": false,
            "location": "westus3",
            "mac_address": "",
            "name": "nic-lab-vm-4",
            "private_ip_address": "10.20.1.17",
            "private_ip_addresses": [
              "10.20.1.17"
            ],
            "resource_group_name": "rg-acclotlab-bckosf",
            "tags": {
              "environment": "lab",
              "project": "acclotlab"
            },
            "timeouts": null,
            "virtual_machine_id": ""
          },
          "sensitive_attributes": [],
          "identity_schema_version": 0,
          "private": "eyJlMmJmYjczMC1lY2FhLTExZTYtOGY4OC0zNDM2M2JjN2M0YzAiOnsiY3JlYXRlIjoxODAwMDAwMDAwMDAwLCJkZWxldGUiOjE4MDAwMDAwMDAwMDAsInJlYWQiOjMwMDAwMDAwMDAwMCwidXBkYXRlIjoxODAwMDAwMDAwMDAwfX0=",
          "dependencies": [
            "azurerm_resource_group.rg",
            "azurerm_subnet.lab",
            "azurerm_virtual_network.vnet"
          ]
        },
        {
          "index_key": 4,
          "schema_version": 0,
          "attributes": {
            "accelerated_networking_enabled": false,
            "applied_dns_servers": [],
            "auxiliary_mode": "",
            "auxiliary_sku": "",
            "dns_servers": [],
            "edge_zone": "",
            "enable_accelerated_networking": false,
            "enable_ip_forwarding": false,
            "id": "/subscriptions/086e7bea-9a5e-40f0-9495-7d00486c88b2/resourceGroups/rg-acclotlab-bckosf/providers/Microsoft.Network/networkInterfaces/nic-lab-vm-5",
            "internal_dns_name_label": "",
            "internal_domain_name_suffix": "4ollctm2rqiejasfonvprciiug.phxx.internal.cloudapp.net",
            "ip_configuration": [
              {
                "gateway_load_balancer_frontend_ip_configuration_id": "",
                "name": "ipconfig1",
                "primary": true,
                "private_ip_address": "10.20.1.16",
                "private_ip_address_allocation": "Dynamic",
                "private_ip_address_version": "IPv4",
                "public_ip_address_id": "",
                "subnet_id": "/subscriptions/086e7bea-9a5e-40f0-9495-7d00486c88b2/resourceGroups/rg-acclotlab-bckosf/providers/Microsoft.Network/virtualNetworks/vnet-acclotlab/subnets/snet-acclotlab"
              }
            ],
            "ip_forwarding_enabled": false,
            "location": "westus3",
            "mac_address": "",
            "name": "nic-lab-vm-5",
            "private_ip_address": "10.20.1.16",
            "private_ip_addresses": [
              "10.20.1.16"
            ],
            "resource_group_name": "rg-acclotlab-bckosf",
            "tags": {
              "environment": "lab",
              "project": "acclotlab"
            },
            "timeouts": null,
            "virtual_machine_id": ""
          },
          "sensitive_attributes": [],
          "identity_schema_version": 0,
          "private": "eyJlMmJmYjczMC1lY2FhLTExZTYtOGY4OC0zNDM2M2JjN2M0YzAiOnsiY3JlYXRlIjoxODAwMDAwMDAwMDAwLCJkZWxldGUiOjE4MDAwMDAwMDAwMDAsInJlYWQiOjMwMDAwMDAwMDAwMCwidXBkYXRlIjoxODAwMDAwMDAwMDAwfX0=",
          "dependencies": [
            "azurerm_resource_group.rg",
            "azurerm_subnet.lab",
            "azurerm_virtual_network.vnet"
          ]
        },
        {
          "index_key": 5,
          "schema_version": 0,
          "attributes": {
            "accelerated_networking_enabled": false,
            "applied_dns_servers": [],
            "auxiliary_mode": "",
            "auxiliary_sku": "",
            "dns_servers": [],
            "edge_zone": "",
            "enable_accelerated_networking": false,
            "enable_ip_forwarding": false,
            "id": "/subscriptions/086e7bea-9a5e-40f0-9495-7d00486c88b2/resourceGroups/rg-acclotlab-bckosf/providers/Microsoft.Network/networkInterfaces/nic-lab-vm-6",
            "internal_dns_name_label": "",
            "internal_domain_name_suffix": "4ollctm2rqiejasfonvprciiug.phxx.internal.cloudapp.net",
            "ip_configuration": [
              {
                "gateway_load_balancer_frontend_ip_configuration_id": "",
                "name": "ipconfig1",
                "primary": true,
                "private_ip_address": "10.20.1.22",
                "private_ip_address_allocation": "Dynamic",
                "private_ip_address_version": "IPv4",
                "public_ip_address_id": "",
                "subnet_id": "/subscriptions/086e7bea-9a5e-40f0-9495-7d00486c88b2/resourceGroups/rg-acclotlab-bckosf/providers/Microsoft.Network/virtualNetworks/vnet-acclotlab/subnets/snet-acclotlab"
              }
            ],
            "ip_forwarding_enabled": false,
            "location": "westus3",
            "mac_address": "",
            "name": "nic-lab-vm-6",
            "private_ip_address": "10.20.1.22",
            "private_ip_addresses": [
              "10.20.1.22"
            ],
            "resource_group_name": "rg-acclotlab-bckosf",
            "tags": {
              "environment": "lab",
              "project": "acclotlab"
            },
            "timeouts": null,
            "virtual_machine_id": ""
          },
          "sensitive_attributes": [],
          "identity_schema_version": 0,
          "private": "eyJlMmJmYjczMC1lY2FhLTExZTYtOGY4OC0zNDM2M2JjN2M0YzAiOnsiY3JlYXRlIjoxODAwMDAwMDAwMDAwLCJkZWxldGUiOjE4MDAwMDAwMDAwMDAsInJlYWQiOjMwMDAwMDAwMDAwMCwidXBkYXRlIjoxODAwMDAwMDAwMDAwfX0=",
          "dependencies": [
            "azurerm_resource_group.rg",
            "azurerm_subnet.lab",
            "azurerm_virtual_network.vnet"
          ]
        },
        {
          "index_key": 6,
          "schema_version": 0,
          "attributes": {
            "accelerated_networking_enabled": false,
            "applied_dns_servers": [],
            "auxiliary_mode": "",
            "auxiliary_sku": "",
            "dns_servers": [],
            "edge_zone": "",
            "enable_accelerated_networking": false,
            "enable_ip_forwarding": false,
            "id": "/subscriptions/086e7bea-9a5e-40f0-9495-7d00486c88b2/resourceGroups/rg-acclotlab-bckosf/providers/Microsoft.Network/networkInterfaces/nic-lab-vm-7",
            "internal_dns_name_label": "",
            "internal_domain_name_suffix": "4ollctm2rqiejasfonvprciiug.phxx.internal.cloudapp.net",
            "ip_configuration": [
              {
                "gateway_load_balancer_frontend_ip_configuration_id": "",
                "name": "ipconfig1",
                "primary": true,
                "private_ip_address": "10.20.1.7",
                "private_ip_address_allocation": "Dynamic",
                "private_ip_address_version": "IPv4",
                "public_ip_address_id": "",
                "subnet_id": "/subscriptions/086e7bea-9a5e-40f0-9495-7d00486c88b2/resourceGroups/rg-acclotlab-bckosf/providers/Microsoft.Network/virtualNetworks/vnet-acclotlab/subnets/snet-acclotlab"
              }
            ],
            "ip_forwarding_enabled": false,
            "location": "westus3",
            "mac_address": "",
            "name": "nic-lab-vm-7",
            "private_ip_address": "10.20.1.7",
            "private_ip_addresses": [
              "10.20.1.7"
            ],
            "resource_group_name": "rg-acclotlab-bckosf",
            "tags": {
              "environment": "lab",
              "project": "acclotlab"
            },
            "timeouts": null,
            "virtual_machine_id": ""
          },
          "sensitive_attributes": [],
          "identity_schema_version": 0,
          "private": "eyJlMmJmYjczMC1lY2FhLTExZTYtOGY4OC0zNDM2M2JjN2M0YzAiOnsiY3JlYXRlIjoxODAwMDAwMDAwMDAwLCJkZWxldGUiOjE4MDAwMDAwMDAwMDAsInJlYWQiOjMwMDAwMDAwMDAwMCwidXBkYXRlIjoxODAwMDAwMDAwMDAwfX0=",
          "dependencies": [
            "azurerm_resource_group.rg",
            "azurerm_subnet.lab",
            "azurerm_virtual_network.vnet"
          ]
        },
        {
          "index_key": 7,
          "schema_version": 0,
          "attributes": {
            "accelerated_networking_enabled": false,
            "applied_dns_servers": [],
            "auxiliary_mode": "",
            "auxiliary_sku": "",
            "dns_servers": [],
            "edge_zone": "",
            "enable_accelerated_networking": false,
            "enable_ip_forwarding": false,
            "id": "/subscriptions/086e7bea-9a5e-40f0-9495-7d00486c88b2/resourceGroups/rg-acclotlab-bckosf/providers/Microsoft.Network/networkInterfaces/nic-lab-vm-8",
            "internal_dns_name_label": "",
            "internal_domain_name_suffix": "4ollctm2rqiejasfonvprciiug.phxx.internal.cloudapp.net",
            "ip_configuration": [
              {
                "gateway_load_balancer_frontend_ip_configuration_id": "",
                "name": "ipconfig1",
                "primary": true,
                "private_ip_address": "10.20.1.21",
                "private_ip_address_allocation": "Dynamic",
                "private_ip_address_version": "IPv4",
                "public_ip_address_id": "",
                "subnet_id": "/subscriptions/086e7bea-9a5e-40f0-9495-7d00486c88b2/resourceGroups/rg-acclotlab-bckosf/providers/Microsoft.Network/virtualNetworks/vnet-acclotlab/subnets/snet-acclotlab"
              }
            ],
            "ip_forwarding_enabled": false,
            "location": "westus3",
            "mac_address": "",
            "name": "nic-lab-vm-8",
            "private_ip_address": "10.20.1.21",
            "private_ip_addresses": [
              "10.20.1.21"
            ],
            "resource_group_name": "rg-acclotlab-bckosf",
            "tags": {
              "environment": "lab",
              "project": "acclotlab"
            },
            "timeouts": null,
            "virtual_machine_id": ""
          },
          "sensitive_attributes": [],
          "identity_schema_version": 0,
          "private": "eyJlMmJmYjczMC1lY2FhLTExZTYtOGY4OC0zNDM2M2JjN2M0YzAiOnsiY3JlYXRlIjoxODAwMDAwMDAwMDAwLCJkZWxldGUiOjE4MDAwMDAwMDAwMDAsInJlYWQiOjMwMDAwMDAwMDAwMCwidXBkYXRlIjoxODAwMDAwMDAwMDAwfX0=",
          "dependencies": [
            "azurerm_resource_group.rg",
            "azurerm_subnet.lab",
            "azurerm_virtual_network.vnet"
          ]
        },
        {
          "index_key": 8,
          "schema_version": 0,
          "attributes": {
            "accelerated_networking_enabled": false,
            "applied_dns_servers": [],
            "auxiliary_mode": "",
            "auxiliary_sku": "",
            "dns_servers": [],
            "edge_zone": "",
            "enable_accelerated_networking": false,
            "enable_ip_forwarding": false,
            "id": "/subscriptions/086e7bea-9a5e-40f0-9495-7d00486c88b2/resourceGroups/rg-acclotlab-bckosf/providers/Microsoft.Network/networkInterfaces/nic-lab-vm-9",
            "internal_dns_name_label": "",
            "internal_domain_name_suffix": "4ollctm2rqiejasfonvprciiug.phxx.internal.cloudapp.net",
            "ip_configuration": [
              {
                "gateway_load_balancer_frontend_ip_configuration_id": "",
                "name": "ipconfig1",
                "primary": true,
                "private_ip_address": "10.20.1.6",
                "private_ip_address_allocation": "Dynamic",
                "private_ip_address_version": "IPv4",
                "public_ip_address_id": "",
                "subnet_id": "/subscriptions/086e7bea-9a5e-40f0-9495-7d00486c88b2/resourceGroups/rg-acclotlab-bckosf/providers/Microsoft.Network/virtualNetworks/vnet-acclotlab/subnets/snet-acclotlab"
              }
            ],
            "ip_forwarding_enabled": false,
            "location": "westus3",
            "mac_address": "",
            "name": "nic-lab-vm-9",
            "private_ip_address": "10.20.1.6",
            "private_ip_addresses": [
              "10.20.1.6"
            ],
            "resource_group_name": "rg-acclotlab-bckosf",
            "tags": {
              "environment": "lab",
              "project": "acclotlab"
            },
            "timeouts": null,
            "virtual_machine_id": ""
          },
          "sensitive_attributes": [],
          "identity_schema_version": 0,
          "private": "eyJlMmJmYjczMC1lY2FhLTExZTYtOGY4OC0zNDM2M2JjN2M0YzAiOnsiY3JlYXRlIjoxODAwMDAwMDAwMDAwLCJkZWxldGUiOjE4MDAwMDAwMDAwMDAsInJlYWQiOjMwMDAwMDAwMDAwMCwidXBkYXRlIjoxODAwMDAwMDAwMDAwfX0=",
          "dependencies": [
            "azurerm_resource_group.rg",
            "azurerm_subnet.lab",
            "azurerm_virtual_network.vnet"
          ]
        },
        {
          "index_key": 9,
          "schema_version": 0,
          "attributes": {
            "accelerated_networking_enabled": false,
            "applied_dns_servers": [],
            "auxiliary_mode": "",
            "auxiliary_sku": "",
            "dns_servers": [],
            "edge_zone": "",
            "enable_accelerated_networking": false,
            "enable_ip_forwarding": false,
            "id": "/subscriptions/086e7bea-9a5e-40f0-9495-7d00486c88b2/resourceGroups/rg-acclotlab-bckosf/providers/Microsoft.Network/networkInterfaces/nic-lab-vm-10",
            "internal_dns_name_label": "",
            "internal_domain_name_suffix": "4ollctm2rqiejasfonvprciiug.phxx.internal.cloudapp.net",
            "ip_configuration": [
              {
                "gateway_load_balancer_frontend_ip_configuration_id": "",
                "name": "ipconfig1",
                "primary": true,
                "private_ip_address": "10.20.1.20",
                "private_ip_address_allocation": "Dynamic",
                "private_ip_address_version": "IPv4",
                "public_ip_address_id": "",
                "subnet_id": "/subscriptions/086e7bea-9a5e-40f0-9495-7d00486c88b2/resourceGroups/rg-acclotlab-bckosf/providers/Microsoft.Network/virtualNetworks/vnet-acclotlab/subnets/snet-acclotlab"
              }
            ],
            "ip_forwarding_enabled": false,
            "location": "westus3",
            "mac_address": "",
            "name": "nic-lab-vm-10",
            "private_ip_address": "10.20.1.20",
            "private_ip_addresses": [
              "10.20.1.20"
            ],
            "resource_group_name": "rg-acclotlab-bckosf",
            "tags": {
              "environment": "lab",
              "project": "acclotlab"
            },
            "timeouts": null,
            "virtual_machine_id": ""
          },
          "sensitive_attributes": [],
          "identity_schema_version": 0,
          "private": "eyJlMmJmYjczMC1lY2FhLTExZTYtOGY4OC0zNDM2M2JjN2M0YzAiOnsiY3JlYXRlIjoxODAwMDAwMDAwMDAwLCJkZWxldGUiOjE4MDAwMDAwMDAwMDAsInJlYWQiOjMwMDAwMDAwMDAwMCwidXBkYXRlIjoxODAwMDAwMDAwMDAwfX0=",
          "dependencies": [
            "azurerm_resource_group.rg",
            "azurerm_subnet.lab",
            "azurerm_virtual_network.vnet"
          ]
        },
        {
          "index_key": 10,
          "schema_version": 0,
          "attributes": {
            "accelerated_networking_enabled": false,
            "applied_dns_servers": [],
            "auxiliary_mode": "",
            "auxiliary_sku": "",
            "dns_servers": [],
            "edge_zone": "",
            "enable_accelerated_networking": false,
            "enable_ip_forwarding": false,
            "id": "/subscriptions/086e7bea-9a5e-40f0-9495-7d00486c88b2/resourceGroups/rg-acclotlab-bckosf/providers/Microsoft.Network/networkInterfaces/nic-lab-vm-11",
            "internal_dns_name_label": "",
            "internal_domain_name_suffix": "4ollctm2rqiejasfonvprciiug.phxx.internal.cloudapp.net",
            "ip_configuration": [
              {
                "gateway_load_balancer_frontend_ip_configuration_id": "",
                "name": "ipconfig1",
                "primary": true,
                "private_ip_address": "10.20.1.13",
                "private_ip_address_allocation": "Dynamic",
                "private_ip_address_version": "IPv4",
                "public_ip_address_id": "",
                "subnet_id": "/subscriptions/086e7bea-9a5e-40f0-9495-7d00486c88b2/resourceGroups/rg-acclotlab-bckosf/providers/Microsoft.Network/virtualNetworks/vnet-acclotlab/subnets/snet-acclotlab"
              }
            ],
            "ip_forwarding_enabled": false,
            "location": "westus3",
            "mac_address": "",
            "name": "nic-lab-vm-11",
            "private_ip_address": "10.20.1.13",
            "private_ip_addresses": [
              "10.20.1.13"
            ],
            "resource_group_name": "rg-acclotlab-bckosf",
            "tags": {
              "environment": "lab",
              "project": "acclotlab"
            },
            "timeouts": null,
            "virtual_machine_id": ""
          },
          "sensitive_attributes": [],
          "identity_schema_version": 0,
          "private": "eyJlMmJmYjczMC1lY2FhLTExZTYtOGY4OC0zNDM2M2JjN2M0YzAiOnsiY3JlYXRlIjoxODAwMDAwMDAwMDAwLCJkZWxldGUiOjE4MDAwMDAwMDAwMDAsInJlYWQiOjMwMDAwMDAwMDAwMCwidXBkYXRlIjoxODAwMDAwMDAwMDAwfX0=",
          "dependencies": [
            "azurerm_resource_group.rg",
            "azurerm_subnet.lab",
            "azurerm_virtual_network.vnet"
          ]
        },
        {
          "index_key": 11,
          "schema_version": 0,
          "attributes": {
            "accelerated_networking_enabled": false,
            "applied_dns_servers": [],
            "auxiliary_mode": "",
            "auxiliary_sku": "",
            "dns_servers": [],
            "edge_zone": "",
            "enable_accelerated_networking": false,
            "enable_ip_forwarding": false,
            "id": "/subscriptions/086e7bea-9a5e-40f0-9495-7d00486c88b2/resourceGroups/rg-acclotlab-bckosf/providers/Microsoft.Network/networkInterfaces/nic-lab-vm-12",
            "internal_dns_name_label": "",
            "internal_domain_name_suffix": "4ollctm2rqiejasfonvprciiug.phxx.internal.cloudapp.net",
            "ip_configuration": [
              {
                "gateway_load_balancer_frontend_ip_configuration_id": "",
                "name": "ipconfig1",
                "primary": true,
                "private_ip_address": "10.20.1.8",
                "private_ip_address_allocation": "Dynamic",
                "private_ip_address_version": "IPv4",
                "public_ip_address_id": "",
                "subnet_id": "/subscriptions/086e7bea-9a5e-40f0-9495-7d00486c88b2/resourceGroups/rg-acclotlab-bckosf/providers/Microsoft.Network/virtualNetworks/vnet-acclotlab/subnets/snet-acclotlab"
              }
            ],
            "ip_forwarding_enabled": false,
            "location": "westus3",
            "mac_address": "",
            "name": "nic-lab-vm-12",
            "private_ip_address": "10.20.1.8",
            "private_ip_addresses": [
              "10.20.1.8"
            ],
            "resource_group_name": "rg-acclotlab-bckosf",
            "tags": {
              "environment": "lab",
              "project": "acclotlab"
            },
            "timeouts": null,
            "virtual_machine_id": ""
          },
          "sensitive_attributes": [],
          "identity_schema_version": 0,
          "private": "eyJlMmJmYjczMC1lY2FhLTExZTYtOGY4OC0zNDM2M2JjN2M0YzAiOnsiY3JlYXRlIjoxODAwMDAwMDAwMDAwLCJkZWxldGUiOjE4MDAwMDAwMDAwMDAsInJlYWQiOjMwMDAwMDAwMDAwMCwidXBkYXRlIjoxODAwMDAwMDAwMDAwfX0=",
          "dependencies": [
            "azurerm_resource_group.rg",
            "azurerm_subnet.lab",
            "azurerm_virtual_network.vnet"
          ]
        },
        {
          "index_key": 12,
          "schema_version": 0,
          "attributes": {
            "accelerated_networking_enabled": false,
            "applied_dns_servers": [],
            "auxiliary_mode": "",
            "auxiliary_sku": "",
            "dns_servers": [],
            "edge_zone": "",
            "enable_accelerated_networking": false,
            "enable_ip_forwarding": false,
            "id": "/subscriptions/086e7bea-9a5e-40f0-9495-7d00486c88b2/resourceGroups/rg-acclotlab-bckosf/providers/Microsoft.Network/networkInterfaces/nic-lab-vm-13",
            "internal_dns_name_label": "",
            "internal_domain_name_suffix": "4ollctm2rqiejasfonvprciiug.phxx.internal.cloudapp.net",
            "ip_configuration": [
              {
                "gateway_load_balancer_frontend_ip_configuration_id": "",
                "name": "ipconfig1",
                "primary": true,
                "private_ip_address": "10.20.1.10",
                "private_ip_address_allocation": "Dynamic",
                "private_ip_address_version": "IPv4",
                "public_ip_address_id": "",
                "subnet_id": "/subscriptions/086e7bea-9a5e-40f0-9495-7d00486c88b2/resourceGroups/rg-acclotlab-bckosf/providers/Microsoft.Network/virtualNetworks/vnet-acclotlab/subnets/snet-acclotlab"
              }
            ],
            "ip_forwarding_enabled": false,
            "location": "westus3",
            "mac_address": "",
            "name": "nic-lab-vm-13",
            "private_ip_address": "10.20.1.10",
            "private_ip_addresses": [
              "10.20.1.10"
            ],
            "resource_group_name": "rg-acclotlab-bckosf",
            "tags": {
              "environment": "lab",
              "project": "acclotlab"
            },
            "timeouts": null,
            "virtual_machine_id": ""
          },
          "sensitive_attributes": [],
          "identity_schema_version": 0,
          "private": "eyJlMmJmYjczMC1lY2FhLTExZTYtOGY4OC0zNDM2M2JjN2M0YzAiOnsiY3JlYXRlIjoxODAwMDAwMDAwMDAwLCJkZWxldGUiOjE4MDAwMDAwMDAwMDAsInJlYWQiOjMwMDAwMDAwMDAwMCwidXBkYXRlIjoxODAwMDAwMDAwMDAwfX0=",
          "dependencies": [
            "azurerm_resource_group.rg",
            "azurerm_subnet.lab",
            "azurerm_virtual_network.vnet"
          ]
        },
        {
          "index_key": 13,
          "schema_version": 0,
          "attributes": {
            "accelerated_networking_enabled": false,
            "applied_dns_servers": [],
            "auxiliary_mode": "",
            "auxiliary_sku": "",
            "dns_servers": [],
            "edge_zone": "",
            "enable_accelerated_networking": false,
            "enable_ip_forwarding": false,
            "id": "/subscriptions/086e7bea-9a5e-40f0-9495-7d00486c88b2/resourceGroups/rg-acclotlab-bckosf/providers/Microsoft.Network/networkInterfaces/nic-lab-vm-14",
            "internal_dns_name_label": "",
            "internal_domain_name_suffix": "4ollctm2rqiejasfonvprciiug.phxx.internal.cloudapp.net",
            "ip_configuration": [
              {
                "gateway_load_balancer_frontend_ip_configuration_id": "",
                "name": "ipconfig1",
                "primary": true,
                "private_ip_address": "10.20.1.12",
                "private_ip_address_allocation": "Dynamic",
                "private_ip_address_version": "IPv4",
                "public_ip_address_id": "",
                "subnet_id": "/subscriptions/086e7bea-9a5e-40f0-9495-7d00486c88b2/resourceGroups/rg-acclotlab-bckosf/providers/Microsoft.Network/virtualNetworks/vnet-acclotlab/subnets/snet-acclotlab"
              }
            ],
            "ip_forwarding_enabled": false,
            "location": "westus3",
            "mac_address": "",
            "name": "nic-lab-vm-14",
            "private_ip_address": "10.20.1.12",
            "private_ip_addresses": [
              "10.20.1.12"
            ],
            "resource_group_name": "rg-acclotlab-bckosf",
            "tags": {
              "environment": "lab",
              "project": "acclotlab"
            },
            "timeouts": null,
            "virtual_machine_id": ""
          },
          "sensitive_attributes": [],
          "identity_schema_version": 0,
          "private": "eyJlMmJmYjczMC1lY2FhLTExZTYtOGY4OC0zNDM2M2JjN2M0YzAiOnsiY3JlYXRlIjoxODAwMDAwMDAwMDAwLCJkZWxldGUiOjE4MDAwMDAwMDAwMDAsInJlYWQiOjMwMDAwMDAwMDAwMCwidXBkYXRlIjoxODAwMDAwMDAwMDAwfX0=",
          "dependencies": [
            "azurerm_resource_group.rg",
            "azurerm_subnet.lab",
            "azurerm_virtual_network.vnet"
          ]
        },
        {
          "index_key": 14,
          "schema_version": 0,
          "attributes": {
            "accelerated_networking_enabled": false,
            "applied_dns_servers": [],
            "auxiliary_mode": "",
            "auxiliary_sku": "",
            "dns_servers": [],
            "edge_zone": "",
            "enable_accelerated_networking": false,
            "enable_ip_forwarding": false,
            "id": "/subscriptions/086e7bea-9a5e-40f0-9495-7d00486c88b2/resourceGroups/rg-acclotlab-bckosf/providers/Microsoft.Network/networkInterfaces/nic-lab-vm-15",
            "internal_dns_name_label": "",
            "internal_domain_name_suffix": "4ollctm2rqiejasfonvprciiug.phxx.internal.cloudapp.net",
            "ip_configuration": [
              {
                "gateway_load_balancer_frontend_ip_configuration_id": "",
                "name": "ipconfig1",
                "primary": true,
                "private_ip_address": "10.20.1.15",
                "private_ip_address_allocation": "Dynamic",
                "private_ip_address_version": "IPv4",
                "public_ip_address_id": "",
                "subnet_id": "/subscriptions/086e7bea-9a5e-40f0-9495-7d00486c88b2/resourceGroups/rg-acclotlab-bckosf/providers/Microsoft.Network/virtualNetworks/vnet-acclotlab/subnets/snet-acclotlab"
              }
            ],
            "ip_forwarding_enabled": false,
            "location": "westus3",
            "mac_address": "",
            "name": "nic-lab-vm-15",
            "private_ip_address": "10.20.1.15",
            "private_ip_addresses": [
              "10.20.1.15"
            ],
            "resource_group_name": "rg-acclotlab-bckosf",
            "tags": {
              "environment": "lab",
              "project": "acclotlab"
            },
            "timeouts": null,
            "virtual_machine_id": ""
          },
          "sensitive_attributes": [],
          "identity_schema_version": 0,
          "private": "eyJlMmJmYjczMC1lY2FhLTExZTYtOGY4OC0zNDM2M2JjN2M0YzAiOnsiY3JlYXRlIjoxODAwMDAwMDAwMDAwLCJkZWxldGUiOjE4MDAwMDAwMDAwMDAsInJlYWQiOjMwMDAwMDAwMDAwMCwidXBkYXRlIjoxODAwMDAwMDAwMDAwfX0=",
          "dependencies": [
            "azurerm_resource_group.rg",
            "azurerm_subnet.lab",
            "azurerm_virtual_network.vnet"
          ]
        },
        {
          "index_key": 15,
          "schema_version": 0,
          "attributes": {
            "accelerated_networking_enabled": false,
            "applied_dns_servers": [],
            "auxiliary_mode": "",
            "auxiliary_sku": "",
            "dns_servers": [],
            "edge_zone": "",
            "enable_accelerated_networking": false,
            "enable_ip_forwarding": false,
            "id": "/subscriptions/086e7bea-9a5e-40f0-9495-7d00486c88b2/resourceGroups/rg-acclotlab-bckosf/providers/Microsoft.Network/networkInterfaces/nic-lab-vm-16",
            "internal_dns_name_label": "",
            "internal_domain_name_suffix": "4ollctm2rqiejasfonvprciiug.phxx.internal.cloudapp.net",
            "ip_configuration": [
              {
                "gateway_load_balancer_frontend_ip_configuration_id": "",
                "name": "ipconfig1",
                "primary": true,
                "private_ip_address": "10.20.1.14",
                "private_ip_address_allocation": "Dynamic",
                "private_ip_address_version": "IPv4",
                "public_ip_address_id": "",
                "subnet_id": "/subscriptions/086e7bea-9a5e-40f0-9495-7d00486c88b2/resourceGroups/rg-acclotlab-bckosf/providers/Microsoft.Network/virtualNetworks/vnet-acclotlab/subnets/snet-acclotlab"
              }
            ],
            "ip_forwarding_enabled": false,
            "location": "westus3",
            "mac_address": "",
            "name": "nic-lab-vm-16",
            "private_ip_address": "10.20.1.14",
            "private_ip_addresses": [
              "10.20.1.14"
            ],
            "resource_group_name": "rg-acclotlab-bckosf",
            "tags": {
              "environment": "lab",
              "project": "acclotlab"
            },
            "timeouts": null,
            "virtual_machine_id": ""
          },
          "sensitive_attributes": [],
          "identity_schema_version": 0,
          "private": "eyJlMmJmYjczMC1lY2FhLTExZTYtOGY4OC0zNDM2M2JjN2M0YzAiOnsiY3JlYXRlIjoxODAwMDAwMDAwMDAwLCJkZWxldGUiOjE4MDAwMDAwMDAwMDAsInJlYWQiOjMwMDAwMDAwMDAwMCwidXBkYXRlIjoxODAwMDAwMDAwMDAwfX0=",
          "dependencies": [
            "azurerm_resource_group.rg",
            "azurerm_subnet.lab",
            "azurerm_virtual_network.vnet"
          ]
        },
        {
          "index_key": 16,
          "schema_version": 0,
          "attributes": {
            "accelerated_networking_enabled": false,
            "applied_dns_servers": [],
            "auxiliary_mode": "",
            "auxiliary_sku": "",
            "dns_servers": [],
            "edge_zone": "",
            "enable_accelerated_networking": false,
            "enable_ip_forwarding": false,
            "id": "/subscriptions/086e7bea-9a5e-40f0-9495-7d00486c88b2/resourceGroups/rg-acclotlab-bckosf/providers/Microsoft.Network/networkInterfaces/nic-lab-vm-17",
            "internal_dns_name_label": "",
            "internal_domain_name_suffix": "4ollctm2rqiejasfonvprciiug.phxx.internal.cloudapp.net",
            "ip_configuration": [
              {
                "gateway_load_balancer_frontend_ip_configuration_id": "",
                "name": "ipconfig1",
                "primary": true,
                "private_ip_address": "10.20.1.23",
                "private_ip_address_allocation": "Dynamic",
                "private_ip_address_version": "IPv4",
                "public_ip_address_id": "",
                "subnet_id": "/subscriptions/086e7bea-9a5e-40f0-9495-7d00486c88b2/resourceGroups/rg-acclotlab-bckosf/providers/Microsoft.Network/virtualNetworks/vnet-acclotlab/subnets/snet-acclotlab"
              }
            ],
            "ip_forwarding_enabled": false,
            "location": "westus3",
            "mac_address": "",
            "name": "nic-lab-vm-17",
            "private_ip_address": "10.20.1.23",
            "private_ip_addresses": [
              "10.20.1.23"
            ],
            "resource_group_name": "rg-acclotlab-bckosf",
            "tags": {
              "environment": "lab",
              "project": "acclotlab"
            },
            "timeouts": null,
            "virtual_machine_id": ""
          },
          "sensitive_attributes": [],
          "identity_schema_version": 0,
          "private": "eyJlMmJmYjczMC1lY2FhLTExZTYtOGY4OC0zNDM2M2JjN2M0YzAiOnsiY3JlYXRlIjoxODAwMDAwMDAwMDAwLCJkZWxldGUiOjE4MDAwMDAwMDAwMDAsInJlYWQiOjMwMDAwMDAwMDAwMCwidXBkYXRlIjoxODAwMDAwMDAwMDAwfX0=",
          "dependencies": [
            "azurerm_resource_group.rg",
            "azurerm_subnet.lab",
            "azurerm_virtual_network.vnet"
          ]
        },
        {
          "index_key": 17,
          "schema_version": 0,
          "attributes": {
            "accelerated_networking_enabled": false,
            "applied_dns_servers": [],
            "auxiliary_mode": "",
            "auxiliary_sku": "",
            "dns_servers": [],
            "edge_zone": "",
            "enable_accelerated_networking": false,
            "enable_ip_forwarding": false,
            "id": "/subscriptions/086e7bea-9a5e-40f0-9495-7d00486c88b2/resourceGroups/rg-acclotlab-bckosf/providers/Microsoft.Network/networkInterfaces/nic-lab-vm-18",
            "internal_dns_name_label": "",
            "internal_domain_name_suffix": "4ollctm2rqiejasfonvprciiug.phxx.internal.cloudapp.net",
            "ip_configuration": [
              {
                "gateway_load_balancer_frontend_ip_configuration_id": "",
                "name": "ipconfig1",
                "primary": true,
                "private_ip_address": "10.20.1.18",
                "private_ip_address_allocation": "Dynamic",
                "private_ip_address_version": "IPv4",
                "public_ip_address_id": "",
                "subnet_id": "/subscriptions/086e7bea-9a5e-40f0-9495-7d00486c88b2/resourceGroups/rg-acclotlab-bckosf/providers/Microsoft.Network/virtualNetworks/vnet-acclotlab/subnets/snet-acclotlab"
              }
            ],
            "ip_forwarding_enabled": false,
            "location": "westus3",
            "mac_address": "",
            "name": "nic-lab-vm-18",
            "private_ip_address": "10.20.1.18",
            "private_ip_addresses": [
              "10.20.1.18"
            ],
            "resource_group_name": "rg-acclotlab-bckosf",
            "tags": {
              "environment": "lab",
              "project": "acclotlab"
            },
            "timeouts": null,
            "virtual_machine_id": ""
          },
          "sensitive_attributes": [],
          "identity_schema_version": 0,
          "private": "eyJlMmJmYjczMC1lY2FhLTExZTYtOGY4OC0zNDM2M2JjN2M0YzAiOnsiY3JlYXRlIjoxODAwMDAwMDAwMDAwLCJkZWxldGUiOjE4MDAwMDAwMDAwMDAsInJlYWQiOjMwMDAwMDAwMDAwMCwidXBkYXRlIjoxODAwMDAwMDAwMDAwfX0=",
          "dependencies": [
            "azurerm_resource_group.rg",
            "azurerm_subnet.lab",
            "azurerm_virtual_network.vnet"
          ]
        },
        {
          "index_key": 18,
          "schema_version": 0,
          "attributes": {
            "accelerated_networking_enabled": false,
            "applied_dns_servers": [],
            "auxiliary_mode": "",
            "auxiliary_sku": "",
            "dns_servers": [],
            "edge_zone": "",
            "enable_accelerated_networking": false,
            "enable_ip_forwarding": false,
            "id": "/subscriptions/086e7bea-9a5e-40f0-9495-7d00486c88b2/resourceGroups/rg-acclotlab-bckosf/providers/Microsoft.Network/networkInterfaces/nic-lab-vm-19",
            "internal_dns_name_label": "",
            "internal_domain_name_suffix": "4ollctm2rqiejasfonvprciiug.phxx.internal.cloudapp.net",
            "ip_configuration": [
              {
                "gateway_load_balancer_frontend_ip_configuration_id": "",
                "name": "ipconfig1",
                "primary": true,
                "private_ip_address": "10.20.1.5",
                "private_ip_address_allocation": "Dynamic",
                "private_ip_address_version": "IPv4",
                "public_ip_address_id": "",
                "subnet_id": "/subscriptions/086e7bea-9a5e-40f0-9495-7d00486c88b2/resourceGroups/rg-acclotlab-bckosf/providers/Microsoft.Network/virtualNetworks/vnet-acclotlab/subnets/snet-acclotlab"
              }
            ],
            "ip_forwarding_enabled": false,
            "location": "westus3",
            "mac_address": "",
            "name": "nic-lab-vm-19",
            "private_ip_address": "10.20.1.5",
            "private_ip_addresses": [
              "10.20.1.5"
            ],
            "resource_group_name": "rg-acclotlab-bckosf",
            "tags": {
              "environment": "lab",
              "project": "acclotlab"
            },
            "timeouts": null,
            "virtual_machine_id": ""
          },
          "sensitive_attributes": [],
          "identity_schema_version": 0,
          "private": "eyJlMmJmYjczMC1lY2FhLTExZTYtOGY4OC0zNDM2M2JjN2M0YzAiOnsiY3JlYXRlIjoxODAwMDAwMDAwMDAwLCJkZWxldGUiOjE4MDAwMDAwMDAwMDAsInJlYWQiOjMwMDAwMDAwMDAwMCwidXBkYXRlIjoxODAwMDAwMDAwMDAwfX0=",
          "dependencies": [
            "azurerm_resource_group.rg",
            "azurerm_subnet.lab",
            "azurerm_virtual_network.vnet"
          ]
        },
        {
          "index_key": 19,
          "schema_version": 0,
          "attributes": {
            "accelerated_networking_enabled": false,
            "applied_dns_servers": [],
            "auxiliary_mode": "",
            "auxiliary_sku": "",
            "dns_servers": [],
            "edge_zone": "",
            "enable_accelerated_networking": false,
            "enable_ip_forwarding": false,
            "id": "/subscriptions/086e7bea-9a5e-40f0-9495-7d00486c88b2/resourceGroups/rg-acclotlab-bckosf/providers/Microsoft.Network/networkInterfaces/nic-lab-vm-20",
            "internal_dns_name_label": "",
            "internal_domain_name_suffix": "4ollctm2rqiejasfonvprciiug.phxx.internal.cloudapp.net",
            "ip_configuration": [
              {
                "gateway_load_balancer_frontend_ip_configuration_id": "",
                "name": "ipconfig1",
                "primary": true,
                "private_ip_address": "10.20.1.11",
                "private_ip_address_allocation": "Dynamic",
                "private_ip_address_version": "IPv4",
                "public_ip_address_id": "",
                "subnet_id": "/subscriptions/086e7bea-9a5e-40f0-9495-7d00486c88b2/resourceGroups/rg-acclotlab-bckosf/providers/Microsoft.Network/virtualNetworks/vnet-acclotlab/subnets/snet-acclotlab"
              }
            ],
            "ip_forwarding_enabled": false,
            "location": "westus3",
            "mac_address": "",
            "name": "nic-lab-vm-20",
            "private_ip_address": "10.20.1.11",
            "private_ip_addresses": [
              "10.20.1.11"
            ],
            "resource_group_name": "rg-acclotlab-bckosf",
            "tags": {
              "environment": "lab",
              "project": "acclotlab"
            },
            "timeouts": null,
            "virtual_machine_id": ""
          },
          "sensitive_attributes": [],
          "identity_schema_version": 0,
          "private": "eyJlMmJmYjczMC1lY2FhLTExZTYtOGY4OC0zNDM2M2JjN2M0YzAiOnsiY3JlYXRlIjoxODAwMDAwMDAwMDAwLCJkZWxldGUiOjE4MDAwMDAwMDAwMDAsInJlYWQiOjMwMDAwMDAwMDAwMCwidXBkYXRlIjoxODAwMDAwMDAwMDAwfX0=",
          "dependencies": [
            "azurerm_resource_group.rg",
            "azurerm_subnet.lab",
            "azurerm_virtual_network.vnet"
          ]
        }
      ]
    },
    {
      "mode": "managed",
      "type": "azurerm_network_interface_security_group_association",
      "name": "lab",
      "provider": "provider[\"registry.terraform.io/hashicorp/azurerm\"]",
      "instances": [
        {
          "index_key": 0,
          "schema_version": 0,
          "attributes": {
            "id": "/subscriptions/086e7bea-9a5e-40f0-9495-7d00486c88b2/resourceGroups/rg-acclotlab-bckosf/providers/Microsoft.Network/networkInterfaces/nic-lab-vm-1|/subscriptions/086e7bea-9a5e-40f0-9495-7d00486c88b2/resourceGroups/rg-acclotlab-bckosf/providers/Microsoft.Network/networkSecurityGroups/nsg-lab-vms",
            "network_interface_id": "/subscriptions/086e7bea-9a5e-40f0-9495-7d00486c88b2/resourceGroups/rg-acclotlab-bckosf/providers/Microsoft.Network/networkInterfaces/nic-lab-vm-1",
            "network_security_group_id": "/subscriptions/086e7bea-9a5e-40f0-9495-7d00486c88b2/resourceGroups/rg-acclotlab-bckosf/providers/Microsoft.Network/networkSecurityGroups/nsg-lab-vms",
            "timeouts": null
          },
          "sensitive_attributes": [],
          "identity_schema_version": 0,
          "private": "eyJlMmJmYjczMC1lY2FhLTExZTYtOGY4OC0zNDM2M2JjN2M0YzAiOnsiY3JlYXRlIjoxODAwMDAwMDAwMDAwLCJkZWxldGUiOjE4MDAwMDAwMDAwMDAsInJlYWQiOjMwMDAwMDAwMDAwMH19",
          "dependencies": [
            "azurerm_network_interface.lab",
            "azurerm_network_security_group.lab",
            "azurerm_resource_group.rg",
            "azurerm_subnet.lab",
            "azurerm_virtual_network.vnet"
          ]
        },
        {
          "index_key": 1,
          "schema_version": 0,
          "attributes": {
            "id": "/subscriptions/086e7bea-9a5e-40f0-9495-7d00486c88b2/resourceGroups/rg-acclotlab-bckosf/providers/Microsoft.Network/networkInterfaces/nic-lab-vm-2|/subscriptions/086e7bea-9a5e-40f0-9495-7d00486c88b2/resourceGroups/rg-acclotlab-bckosf/providers/Microsoft.Network/networkSecurityGroups/nsg-lab-vms",
            "network_interface_id": "/subscriptions/086e7bea-9a5e-40f0-9495-7d00486c88b2/resourceGroups/rg-acclotlab-bckosf/providers/Microsoft.Network/networkInterfaces/nic-lab-vm-2",
            "network_security_group_id": "/subscriptions/086e7bea-9a5e-40f0-9495-7d00486c88b2/resourceGroups/rg-acclotlab-bckosf/providers/Microsoft.Network/networkSecurityGroups/nsg-lab-vms",
            "timeouts": null
          },
          "sensitive_attributes": [],
          "identity_schema_version": 0,
          "private": "eyJlMmJmYjczMC1lY2FhLTExZTYtOGY4OC0zNDM2M2JjN2M0YzAiOnsiY3JlYXRlIjoxODAwMDAwMDAwMDAwLCJkZWxldGUiOjE4MDAwMDAwMDAwMDAsInJlYWQiOjMwMDAwMDAwMDAwMH19",
          "dependencies": [
            "azurerm_network_interface.lab",
            "azurerm_network_security_group.lab",
            "azurerm_resource_group.rg",
            "azurerm_subnet.lab",
            "azurerm_virtual_network.vnet"
          ]
        },
        {
          "index_key": 2,
          "schema_version": 0,
          "attributes": {
            "id": "/subscriptions/086e7bea-9a5e-40f0-9495-7d00486c88b2/resourceGroups/rg-acclotlab-bckosf/providers/Microsoft.Network/networkInterfaces/nic-lab-vm-3|/subscriptions/086e7bea-9a5e-40f0-9495-7d00486c88b2/resourceGroups/rg-acclotlab-bckosf/providers/Microsoft.Network/networkSecurityGroups/nsg-lab-vms",
            "network_interface_id": "/subscriptions/086e7bea-9a5e-40f0-9495-7d00486c88b2/resourceGroups/rg-acclotlab-bckosf/providers/Microsoft.Network/networkInterfaces/nic-lab-vm-3",
            "network_security_group_id": "/subscriptions/086e7bea-9a5e-40f0-9495-7d00486c88b2/resourceGroups/rg-acclotlab-bckosf/providers/Microsoft.Network/networkSecurityGroups/nsg-lab-vms",
            "timeouts": null
          },
          "sensitive_attributes": [],
          "identity_schema_version": 0,
          "private": "eyJlMmJmYjczMC1lY2FhLTExZTYtOGY4OC0zNDM2M2JjN2M0YzAiOnsiY3JlYXRlIjoxODAwMDAwMDAwMDAwLCJkZWxldGUiOjE4MDAwMDAwMDAwMDAsInJlYWQiOjMwMDAwMDAwMDAwMH19",
          "dependencies": [
            "azurerm_network_interface.lab",
            "azurerm_network_security_group.lab",
            "azurerm_resource_group.rg",
            "azurerm_subnet.lab",
            "azurerm_virtual_network.vnet"
          ]
        },
        {
          "index_key": 3,
          "schema_version": 0,
          "attributes": {
            "id": "/subscriptions/086e7bea-9a5e-40f0-9495-7d00486c88b2/resourceGroups/rg-acclotlab-bckosf/providers/Microsoft.Network/networkInterfaces/nic-lab-vm-4|/subscriptions/086e7bea-9a5e-40f0-9495-7d00486c88b2/resourceGroups/rg-acclotlab-bckosf/providers/Microsoft.Network/networkSecurityGroups/nsg-lab-vms",
            "network_interface_id": "/subscriptions/086e7bea-9a5e-40f0-9495-7d00486c88b2/resourceGroups/rg-acclotlab-bckosf/providers/Microsoft.Network/networkInterfaces/nic-lab-vm-4",
            "network_security_group_id": "/subscriptions/086e7bea-9a5e-40f0-9495-7d00486c88b2/resourceGroups/rg-acclotlab-bckosf/providers/Microsoft.Network/networkSecurityGroups/nsg-lab-vms",
            "timeouts": null
          },
          "sensitive_attributes": [],
          "identity_schema_version": 0,
          "private": "eyJlMmJmYjczMC1lY2FhLTExZTYtOGY4OC0zNDM2M2JjN2M0YzAiOnsiY3JlYXRlIjoxODAwMDAwMDAwMDAwLCJkZWxldGUiOjE4MDAwMDAwMDAwMDAsInJlYWQiOjMwMDAwMDAwMDAwMH19",
          "dependencies": [
            "azurerm_network_interface.lab",
            "azurerm_network_security_group.lab",
            "azurerm_resource_group.rg",
            "azurerm_subnet.lab",
            "azurerm_virtual_network.vnet"
          ]
        },
        {
          "index_key": 4,
          "schema_version": 0,
          "attributes": {
            "id": "/subscriptions/086e7bea-9a5e-40f0-9495-7d00486c88b2/resourceGroups/rg-acclotlab-bckosf/providers/Microsoft.Network/networkInterfaces/nic-lab-vm-5|/subscriptions/086e7bea-9a5e-40f0-9495-7d00486c88b2/resourceGroups/rg-acclotlab-bckosf/providers/Microsoft.Network/networkSecurityGroups/nsg-lab-vms",
            "network_interface_id": "/subscriptions/086e7bea-9a5e-40f0-9495-7d00486c88b2/resourceGroups/rg-acclotlab-bckosf/providers/Microsoft.Network/networkInterfaces/nic-lab-vm-5",
            "network_security_group_id": "/subscriptions/086e7bea-9a5e-40f0-9495-7d00486c88b2/resourceGroups/rg-acclotlab-bckosf/providers/Microsoft.Network/networkSecurityGroups/nsg-lab-vms",
            "timeouts": null
          },
          "sensitive_attributes": [],
          "identity_schema_version": 0,
          "private": "eyJlMmJmYjczMC1lY2FhLTExZTYtOGY4OC0zNDM2M2JjN2M0YzAiOnsiY3JlYXRlIjoxODAwMDAwMDAwMDAwLCJkZWxldGUiOjE4MDAwMDAwMDAwMDAsInJlYWQiOjMwMDAwMDAwMDAwMH19",
          "dependencies": [
            "azurerm_network_interface.lab",
            "azurerm_network_security_group.lab",
            "azurerm_resource_group.rg",
            "azurerm_subnet.lab",
            "azurerm_virtual_network.vnet"
          ]
        },
        {
          "index_key": 5,
          "schema_version": 0,
          "attributes": {
            "id": "/subscriptions/086e7bea-9a5e-40f0-9495-7d00486c88b2/resourceGroups/rg-acclotlab-bckosf/providers/Microsoft.Network/networkInterfaces/nic-lab-vm-6|/subscriptions/086e7bea-9a5e-40f0-9495-7d00486c88b2/resourceGroups/rg-acclotlab-bckosf/providers/Microsoft.Network/networkSecurityGroups/nsg-lab-vms",
            "network_interface_id": "/subscriptions/086e7bea-9a5e-40f0-9495-7d00486c88b2/resourceGroups/rg-acclotlab-bckosf/providers/Microsoft.Network/networkInterfaces/nic-lab-vm-6",
            "network_security_group_id": "/subscriptions/086e7bea-9a5e-40f0-9495-7d00486c88b2/resourceGroups/rg-acclotlab-bckosf/providers/Microsoft.Network/networkSecurityGroups/nsg-lab-vms",
            "timeouts": null
          },
          "sensitive_attributes": [],
          "identity_schema_version": 0,
          "private": "eyJlMmJmYjczMC1lY2FhLTExZTYtOGY4OC0zNDM2M2JjN2M0YzAiOnsiY3JlYXRlIjoxODAwMDAwMDAwMDAwLCJkZWxldGUiOjE4MDAwMDAwMDAwMDAsInJlYWQiOjMwMDAwMDAwMDAwMH19",
          "dependencies": [
            "azurerm_network_interface.lab",
            "azurerm_network_security_group.lab",
            "azurerm_resource_group.rg",
            "azurerm_subnet.lab",
            "azurerm_virtual_network.vnet"
          ]
        },
        {
          "index_key": 6,
          "schema_version": 0,
          "attributes": {
            "id": "/subscriptions/086e7bea-9a5e-40f0-9495-7d00486c88b2/resourceGroups/rg-acclotlab-bckosf/providers/Microsoft.Network/networkInterfaces/nic-lab-vm-7|/subscriptions/086e7bea-9a5e-40f0-9495-7d00486c88b2/resourceGroups/rg-acclotlab-bckosf/providers/Microsoft.Network/networkSecurityGroups/nsg-lab-vms",
            "network_interface_id": "/subscriptions/086e7bea-9a5e-40f0-9495-7d00486c88b2/resourceGroups/rg-acclotlab-bckosf/providers/Microsoft.Network/networkInterfaces/nic-lab-vm-7",
            "network_security_group_id": "/subscriptions/086e7bea-9a5e-40f0-9495-7d00486c88b2/resourceGroups/rg-acclotlab-bckosf/providers/Microsoft.Network/networkSecurityGroups/nsg-lab-vms",
            "timeouts": null
          },
          "sensitive_attributes": [],
          "identity_schema_version": 0,
          "private": "eyJlMmJmYjczMC1lY2FhLTExZTYtOGY4OC0zNDM2M2JjN2M0YzAiOnsiY3JlYXRlIjoxODAwMDAwMDAwMDAwLCJkZWxldGUiOjE4MDAwMDAwMDAwMDAsInJlYWQiOjMwMDAwMDAwMDAwMH19",
          "dependencies": [
            "azurerm_network_interface.lab",
            "azurerm_network_security_group.lab",
            "azurerm_resource_group.rg",
            "azurerm_subnet.lab",
            "azurerm_virtual_network.vnet"
          ]
        },
        {
          "index_key": 7,
          "schema_version": 0,
          "attributes": {
            "id": "/subscriptions/086e7bea-9a5e-40f0-9495-7d00486c88b2/resourceGroups/rg-acclotlab-bckosf/providers/Microsoft.Network/networkInterfaces/nic-lab-vm-8|/subscriptions/086e7bea-9a5e-40f0-9495-7d00486c88b2/resourceGroups/rg-acclotlab-bckosf/providers/Microsoft.Network/networkSecurityGroups/nsg-lab-vms",
            "network_interface_id": "/subscriptions/086e7bea-9a5e-40f0-9495-7d00486c88b2/resourceGroups/rg-acclotlab-bckosf/providers/Microsoft.Network/networkInterfaces/nic-lab-vm-8",
            "network_security_group_id": "/subscriptions/086e7bea-9a5e-40f0-9495-7d00486c88b2/resourceGroups/rg-acclotlab-bckosf/providers/Microsoft.Network/networkSecurityGroups/nsg-lab-vms",
            "timeouts": null
          },
          "sensitive_attributes": [],
          "identity_schema_version": 0,
          "private": "eyJlMmJmYjczMC1lY2FhLTExZTYtOGY4OC0zNDM2M2JjN2M0YzAiOnsiY3JlYXRlIjoxODAwMDAwMDAwMDAwLCJkZWxldGUiOjE4MDAwMDAwMDAwMDAsInJlYWQiOjMwMDAwMDAwMDAwMH19",
          "dependencies": [
            "azurerm_network_interface.lab",
            "azurerm_network_security_group.lab",
            "azurerm_resource_group.rg",
            "azurerm_subnet.lab",
            "azurerm_virtual_network.vnet"
          ]
        },
        {
          "index_key": 8,
          "schema_version": 0,
          "attributes": {
            "id": "/subscriptions/086e7bea-9a5e-40f0-9495-7d00486c88b2/resourceGroups/rg-acclotlab-bckosf/providers/Microsoft.Network/networkInterfaces/nic-lab-vm-9|/subscriptions/086e7bea-9a5e-40f0-9495-7d00486c88b2/resourceGroups/rg-acclotlab-bckosf/providers/Microsoft.Network/networkSecurityGroups/nsg-lab-vms",
            "network_interface_id": "/subscriptions/086e7bea-9a5e-40f0-9495-7d00486c88b2/resourceGroups/rg-acclotlab-bckosf/providers/Microsoft.Network/networkInterfaces/nic-lab-vm-9",
            "network_security_group_id": "/subscriptions/086e7bea-9a5e-40f0-9495-7d00486c88b2/resourceGroups/rg-acclotlab-bckosf/providers/Microsoft.Network/networkSecurityGroups/nsg-lab-vms",
            "timeouts": null
          },
          "sensitive_attributes": [],
          "identity_schema_version": 0,
          "private": "eyJlMmJmYjczMC1lY2FhLTExZTYtOGY4OC0zNDM2M2JjN2M0YzAiOnsiY3JlYXRlIjoxODAwMDAwMDAwMDAwLCJkZWxldGUiOjE4MDAwMDAwMDAwMDAsInJlYWQiOjMwMDAwMDAwMDAwMH19",
          "dependencies": [
            "azurerm_network_interface.lab",
            "azurerm_network_security_group.lab",
            "azurerm_resource_group.rg",
            "azurerm_subnet.lab",
            "azurerm_virtual_network.vnet"
          ]
        },
        {
          "index_key": 9,
          "schema_version": 0,
          "attributes": {
            "id": "/subscriptions/086e7bea-9a5e-40f0-9495-7d00486c88b2/resourceGroups/rg-acclotlab-bckosf/providers/Microsoft.Network/networkInterfaces/nic-lab-vm-10|/subscriptions/086e7bea-9a5e-40f0-9495-7d00486c88b2/resourceGroups/rg-acclotlab-bckosf/providers/Microsoft.Network/networkSecurityGroups/nsg-lab-vms",
            "network_interface_id": "/subscriptions/086e7bea-9a5e-40f0-9495-7d00486c88b2/resourceGroups/rg-acclotlab-bckosf/providers/Microsoft.Network/networkInterfaces/nic-lab-vm-10",
            "network_security_group_id": "/subscriptions/086e7bea-9a5e-40f0-9495-7d00486c88b2/resourceGroups/rg-acclotlab-bckosf/providers/Microsoft.Network/networkSecurityGroups/nsg-lab-vms",
            "timeouts": null
          },
          "sensitive_attributes": [],
          "identity_schema_version": 0,
          "private": "eyJlMmJmYjczMC1lY2FhLTExZTYtOGY4OC0zNDM2M2JjN2M0YzAiOnsiY3JlYXRlIjoxODAwMDAwMDAwMDAwLCJkZWxldGUiOjE4MDAwMDAwMDAwMDAsInJlYWQiOjMwMDAwMDAwMDAwMH19",
          "dependencies": [
            "azurerm_network_interface.lab",
            "azurerm_network_security_group.lab",
            "azurerm_resource_group.rg",
            "azurerm_subnet.lab",
            "azurerm_virtual_network.vnet"
          ]
        },
        {
          "index_key": 10,
          "schema_version": 0,
          "attributes": {
            "id": "/subscriptions/086e7bea-9a5e-40f0-9495-7d00486c88b2/resourceGroups/rg-acclotlab-bckosf/providers/Microsoft.Network/networkInterfaces/nic-lab-vm-11|/subscriptions/086e7bea-9a5e-40f0-9495-7d00486c88b2/resourceGroups/rg-acclotlab-bckosf/providers/Microsoft.Network/networkSecurityGroups/nsg-lab-vms",
            "network_interface_id": "/subscriptions/086e7bea-9a5e-40f0-9495-7d00486c88b2/resourceGroups/rg-acclotlab-bckosf/providers/Microsoft.Network/networkInterfaces/nic-lab-vm-11",
            "network_security_group_id": "/subscriptions/086e7bea-9a5e-40f0-9495-7d00486c88b2/resourceGroups/rg-acclotlab-bckosf/providers/Microsoft.Network/networkSecurityGroups/nsg-lab-vms",
            "timeouts": null
          },
          "sensitive_attributes": [],
          "identity_schema_version": 0,
          "private": "eyJlMmJmYjczMC1lY2FhLTExZTYtOGY4OC0zNDM2M2JjN2M0YzAiOnsiY3JlYXRlIjoxODAwMDAwMDAwMDAwLCJkZWxldGUiOjE4MDAwMDAwMDAwMDAsInJlYWQiOjMwMDAwMDAwMDAwMH19",
          "dependencies": [
            "azurerm_network_interface.lab",
            "azurerm_network_security_group.lab",
            "azurerm_resource_group.rg",
            "azurerm_subnet.lab",
            "azurerm_virtual_network.vnet"
          ]
        },
        {
          "index_key": 12,
          "schema_version": 0,
          "attributes": {
            "id": "/subscriptions/086e7bea-9a5e-40f0-9495-7d00486c88b2/resourceGroups/rg-acclotlab-bckosf/providers/Microsoft.Network/networkInterfaces/nic-lab-vm-13|/subscriptions/086e7bea-9a5e-40f0-9495-7d00486c88b2/resourceGroups/rg-acclotlab-bckosf/providers/Microsoft.Network/networkSecurityGroups/nsg-lab-vms",
            "network_interface_id": "/subscriptions/086e7bea-9a5e-40f0-9495-7d00486c88b2/resourceGroups/rg-acclotlab-bckosf/providers/Microsoft.Network/networkInterfaces/nic-lab-vm-13",
            "network_security_group_id": "/subscriptions/086e7bea-9a5e-40f0-9495-7d00486c88b2/resourceGroups/rg-acclotlab-bckosf/providers/Microsoft.Network/networkSecurityGroups/nsg-lab-vms",
            "timeouts": null
          },
          "sensitive_attributes": [],
          "identity_schema_version": 0,
          "private": "eyJlMmJmYjczMC1lY2FhLTExZTYtOGY4OC0zNDM2M2JjN2M0YzAiOnsiY3JlYXRlIjoxODAwMDAwMDAwMDAwLCJkZWxldGUiOjE4MDAwMDAwMDAwMDAsInJlYWQiOjMwMDAwMDAwMDAwMH19",
          "dependencies": [
            "azurerm_network_interface.lab",
            "azurerm_network_security_group.lab",
            "azurerm_resource_group.rg",
            "azurerm_subnet.lab",
            "azurerm_virtual_network.vnet"
          ]
        },
        {
          "index_key": 13,
          "schema_version": 0,
          "attributes": {
            "id": "/subscriptions/086e7bea-9a5e-40f0-9495-7d00486c88b2/resourceGroups/rg-acclotlab-bckosf/providers/Microsoft.Network/networkInterfaces/nic-lab-vm-14|/subscriptions/086e7bea-9a5e-40f0-9495-7d00486c88b2/resourceGroups/rg-acclotlab-bckosf/providers/Microsoft.Network/networkSecurityGroups/nsg-lab-vms",
            "network_interface_id": "/subscriptions/086e7bea-9a5e-40f0-9495-7d00486c88b2/resourceGroups/rg-acclotlab-bckosf/providers/Microsoft.Network/networkInterfaces/nic-lab-vm-14",
            "network_security_group_id": "/subscriptions/086e7bea-9a5e-40f0-9495-7d00486c88b2/resourceGroups/rg-acclotlab-bckosf/providers/Microsoft.Network/networkSecurityGroups/nsg-lab-vms",
            "timeouts": null
          },
          "sensitive_attributes": [],
          "identity_schema_version": 0,
          "private": "eyJlMmJmYjczMC1lY2FhLTExZTYtOGY4OC0zNDM2M2JjN2M0YzAiOnsiY3JlYXRlIjoxODAwMDAwMDAwMDAwLCJkZWxldGUiOjE4MDAwMDAwMDAwMDAsInJlYWQiOjMwMDAwMDAwMDAwMH19",
          "dependencies": [
            "azurerm_network_interface.lab",
            "azurerm_network_security_group.lab",
            "azurerm_resource_group.rg",
            "azurerm_subnet.lab",
            "azurerm_virtual_network.vnet"
          ]
        },
        {
          "index_key": 14,
          "schema_version": 0,
          "attributes": {
            "id": "/subscriptions/086e7bea-9a5e-40f0-9495-7d00486c88b2/resourceGroups/rg-acclotlab-bckosf/providers/Microsoft.Network/networkInterfaces/nic-lab-vm-15|/subscriptions/086e7bea-9a5e-40f0-9495-7d00486c88b2/resourceGroups/rg-acclotlab-bckosf/providers/Microsoft.Network/networkSecurityGroups/nsg-lab-vms",
            "network_interface_id": "/subscriptions/086e7bea-9a5e-40f0-9495-7d00486c88b2/resourceGroups/rg-acclotlab-bckosf/providers/Microsoft.Network/networkInterfaces/nic-lab-vm-15",
            "network_security_group_id": "/subscriptions/086e7bea-9a5e-40f0-9495-7d00486c88b2/resourceGroups/rg-acclotlab-bckosf/providers/Microsoft.Network/networkSecurityGroups/nsg-lab-vms",
            "timeouts": null
          },
          "sensitive_attributes": [],
          "identity_schema_version": 0,
          "private": "eyJlMmJmYjczMC1lY2FhLTExZTYtOGY4OC0zNDM2M2JjN2M0YzAiOnsiY3JlYXRlIjoxODAwMDAwMDAwMDAwLCJkZWxldGUiOjE4MDAwMDAwMDAwMDAsInJlYWQiOjMwMDAwMDAwMDAwMH19",
          "dependencies": [
            "azurerm_network_interface.lab",
            "azurerm_network_security_group.lab",
            "azurerm_resource_group.rg",
            "azurerm_subnet.lab",
            "azurerm_virtual_network.vnet"
          ]
        },
        {
          "index_key": 15,
          "schema_version": 0,
          "attributes": {
            "id": "/subscriptions/086e7bea-9a5e-40f0-9495-7d00486c88b2/resourceGroups/rg-acclotlab-bckosf/providers/Microsoft.Network/networkInterfaces/nic-lab-vm-16|/subscriptions/086e7bea-9a5e-40f0-9495-7d00486c88b2/resourceGroups/rg-acclotlab-bckosf/providers/Microsoft.Network/networkSecurityGroups/nsg-lab-vms",
            "network_interface_id": "/subscriptions/086e7bea-9a5e-40f0-9495-7d00486c88b2/resourceGroups/rg-acclotlab-bckosf/providers/Microsoft.Network/networkInterfaces/nic-lab-vm-16",
            "network_security_group_id": "/subscriptions/086e7bea-9a5e-40f0-9495-7d00486c88b2/resourceGroups/rg-acclotlab-bckosf/providers/Microsoft.Network/networkSecurityGroups/nsg-lab-vms",
            "timeouts": null
          },
          "sensitive_attributes": [],
          "identity_schema_version": 0,
          "private": "eyJlMmJmYjczMC1lY2FhLTExZTYtOGY4OC0zNDM2M2JjN2M0YzAiOnsiY3JlYXRlIjoxODAwMDAwMDAwMDAwLCJkZWxldGUiOjE4MDAwMDAwMDAwMDAsInJlYWQiOjMwMDAwMDAwMDAwMH19",
          "dependencies": [
            "azurerm_network_interface.lab",
            "azurerm_network_security_group.lab",
            "azurerm_resource_group.rg",
            "azurerm_subnet.lab",
            "azurerm_virtual_network.vnet"
          ]
        },
        {
          "index_key": 16,
          "schema_version": 0,
          "attributes": {
            "id": "/subscriptions/086e7bea-9a5e-40f0-9495-7d00486c88b2/resourceGroups/rg-acclotlab-bckosf/providers/Microsoft.Network/networkInterfaces/nic-lab-vm-17|/subscriptions/086e7bea-9a5e-40f0-9495-7d00486c88b2/resourceGroups/rg-acclotlab-bckosf/providers/Microsoft.Network/networkSecurityGroups/nsg-lab-vms",
            "network_interface_id": "/subscriptions/086e7bea-9a5e-40f0-9495-7d00486c88b2/resourceGroups/rg-acclotlab-bckosf/providers/Microsoft.Network/networkInterfaces/nic-lab-vm-17",
            "network_security_group_id": "/subscriptions/086e7bea-9a5e-40f0-9495-7d00486c88b2/resourceGroups/rg-acclotlab-bckosf/providers/Microsoft.Network/networkSecurityGroups/nsg-lab-vms",
            "timeouts": null
          },
          "sensitive_attributes": [],
          "identity_schema_version": 0,
          "private": "eyJlMmJmYjczMC1lY2FhLTExZTYtOGY4OC0zNDM2M2JjN2M0YzAiOnsiY3JlYXRlIjoxODAwMDAwMDAwMDAwLCJkZWxldGUiOjE4MDAwMDAwMDAwMDAsInJlYWQiOjMwMDAwMDAwMDAwMH19",
          "dependencies": [
            "azurerm_network_interface.lab",
            "azurerm_network_security_group.lab",
            "azurerm_resource_group.rg",
            "azurerm_subnet.lab",
            "azurerm_virtual_network.vnet"
          ]
        },
        {
          "index_key": 17,
          "schema_version": 0,
          "attributes": {
            "id": "/subscriptions/086e7bea-9a5e-40f0-9495-7d00486c88b2/resourceGroups/rg-acclotlab-bckosf/providers/Microsoft.Network/networkInterfaces/nic-lab-vm-18|/subscriptions/086e7bea-9a5e-40f0-9495-7d00486c88b2/resourceGroups/rg-acclotlab-bckosf/providers/Microsoft.Network/networkSecurityGroups/nsg-lab-vms",
            "network_interface_id": "/subscriptions/086e7bea-9a5e-40f0-9495-7d00486c88b2/resourceGroups/rg-acclotlab-bckosf/providers/Microsoft.Network/networkInterfaces/nic-lab-vm-18",
            "network_security_group_id": "/subscriptions/086e7bea-9a5e-40f0-9495-7d00486c88b2/resourceGroups/rg-acclotlab-bckosf/providers/Microsoft.Network/networkSecurityGroups/nsg-lab-vms",
            "timeouts": null
          },
          "sensitive_attributes": [],
          "identity_schema_version": 0,
          "private": "eyJlMmJmYjczMC1lY2FhLTExZTYtOGY4OC0zNDM2M2JjN2M0YzAiOnsiY3JlYXRlIjoxODAwMDAwMDAwMDAwLCJkZWxldGUiOjE4MDAwMDAwMDAwMDAsInJlYWQiOjMwMDAwMDAwMDAwMH19",
          "dependencies": [
            "azurerm_network_interface.lab",
            "azurerm_network_security_group.lab",
            "azurerm_resource_group.rg",
            "azurerm_subnet.lab",
            "azurerm_virtual_network.vnet"
          ]
        },
        {
          "index_key": 18,
          "schema_version": 0,
          "attributes": {
            "id": "/subscriptions/086e7bea-9a5e-40f0-9495-7d00486c88b2/resourceGroups/rg-acclotlab-bckosf/providers/Microsoft.Network/networkInterfaces/nic-lab-vm-19|/subscriptions/086e7bea-9a5e-40f0-9495-7d00486c88b2/resourceGroups/rg-acclotlab-bckosf/providers/Microsoft.Network/networkSecurityGroups/nsg-lab-vms",
            "network_interface_id": "/subscriptions/086e7bea-9a5e-40f0-9495-7d00486c88b2/resourceGroups/rg-acclotlab-bckosf/providers/Microsoft.Network/networkInterfaces/nic-lab-vm-19",
            "network_security_group_id": "/subscriptions/086e7bea-9a5e-40f0-9495-7d00486c88b2/resourceGroups/rg-acclotlab-bckosf/providers/Microsoft.Network/networkSecurityGroups/nsg-lab-vms",
            "timeouts": null
          },
          "sensitive_attributes": [],
          "identity_schema_version": 0,
          "private": "eyJlMmJmYjczMC1lY2FhLTExZTYtOGY4OC0zNDM2M2JjN2M0YzAiOnsiY3JlYXRlIjoxODAwMDAwMDAwMDAwLCJkZWxldGUiOjE4MDAwMDAwMDAwMDAsInJlYWQiOjMwMDAwMDAwMDAwMH19",
          "dependencies": [
            "azurerm_network_interface.lab",
            "azurerm_network_security_group.lab",
            "azurerm_resource_group.rg",
            "azurerm_subnet.lab",
            "azurerm_virtual_network.vnet"
          ]
        },
        {
          "index_key": 19,
          "schema_version": 0,
          "attributes": {
            "id": "/subscriptions/086e7bea-9a5e-40f0-9495-7d00486c88b2/resourceGroups/rg-acclotlab-bckosf/providers/Microsoft.Network/networkInterfaces/nic-lab-vm-20|/subscriptions/086e7bea-9a5e-40f0-9495-7d00486c88b2/resourceGroups/rg-acclotlab-bckosf/providers/Microsoft.Network/networkSecurityGroups/nsg-lab-vms",
            "network_interface_id": "/subscriptions/086e7bea-9a5e-40f0-9495-7d00486c88b2/resourceGroups/rg-acclotlab-bckosf/providers/Microsoft.Network/networkInterfaces/nic-lab-vm-20",
            "network_security_group_id": "/subscriptions/086e7bea-9a5e-40f0-9495-7d00486c88b2/resourceGroups/rg-acclotlab-bckosf/providers/Microsoft.Network/networkSecurityGroups/nsg-lab-vms",
            "timeouts": null
          },
          "sensitive_attributes": [],
          "identity_schema_version": 0,
          "private": "eyJlMmJmYjczMC1lY2FhLTExZTYtOGY4OC0zNDM2M2JjN2M0YzAiOnsiY3JlYXRlIjoxODAwMDAwMDAwMDAwLCJkZWxldGUiOjE4MDAwMDAwMDAwMDAsInJlYWQiOjMwMDAwMDAwMDAwMH19",
          "dependencies": [
            "azurerm_network_interface.lab",
            "azurerm_network_security_group.lab",
            "azurerm_resource_group.rg",
            "azurerm_subnet.lab",
            "azurerm_virtual_network.vnet"
          ]
        }
      ]
    },
    {
      "mode": "managed",
      "type": "azurerm_network_security_group",
      "name": "lab",
      "provider": "provider[\"registry.terraform.io/hashicorp/azurerm\"]",
      "instances": [
        {
          "schema_version": 0,
          "attributes": {
            "id": "/subscriptions/086e7bea-9a5e-40f0-9495-7d00486c88b2/resourceGroups/rg-acclotlab-bckosf/providers/Microsoft.Network/networkSecurityGroups/nsg-lab-vms",
            "location": "westus3",
            "name": "nsg-lab-vms",
            "resource_group_name": "rg-acclotlab-bckosf",
            "security_rule": [
              {
                "access": "Allow",
                "description": "",
                "destination_address_prefix": "*",
                "destination_address_prefixes": [],
                "destination_application_security_group_ids": [],
                "destination_port_range": "3389",
                "destination_port_ranges": [],
                "direction": "Inbound",
                "name": "Allow-RDP-From-Bastion",
                "priority": 1000,
                "protocol": "Tcp",
                "source_address_prefix": "VirtualNetwork",
                "source_address_prefixes": [],
                "source_application_security_group_ids": [],
                "source_port_range": "*",
                "source_port_ranges": []
              }
            ],
            "tags": {
              "environment": "lab",
              "project": "acclotlab"
            },
            "timeouts": null
          },
          "sensitive_attributes": [],
          "identity_schema_version": 0,
          "private": "eyJlMmJmYjczMC1lY2FhLTExZTYtOGY4OC0zNDM2M2JjN2M0YzAiOnsiY3JlYXRlIjoxODAwMDAwMDAwMDAwLCJkZWxldGUiOjE4MDAwMDAwMDAwMDAsInJlYWQiOjMwMDAwMDAwMDAwMCwidXBkYXRlIjoxODAwMDAwMDAwMDAwfX0=",
          "dependencies": [
            "azurerm_resource_group.rg"
          ]
        }
      ]
    },
    {
      "mode": "managed",
      "type": "azurerm_public_ip",
      "name": "bastion",
      "provider": "provider[\"registry.terraform.io/hashicorp/azurerm\"]",
      "instances": [
        {
          "schema_version": 0,
          "attributes": {
            "allocation_method": "Static",
            "ddos_protection_mode": "VirtualNetworkInherited",
            "ddos_protection_plan_id": null,
            "domain_name_label": null,
            "edge_zone": "",
            "fqdn": null,
            "id": "/subscriptions/086e7bea-9a5e-40f0-9495-7d00486c88b2/resourceGroups/rg-acclotlab-bckosf/providers/Microsoft.Network/publicIPAddresses/pip-bastion-lab",
            "idle_timeout_in_minutes": 4,
            "ip_address": "172.182.233.4",
            "ip_tags": {
              "FirstPartyUsage": "/Unprivileged"
            },
            "ip_version": "IPv4",
            "location": "westus3",
            "name": "pip-bastion-lab",
            "public_ip_prefix_id": null,
            "resource_group_name": "rg-acclotlab-bckosf",
            "reverse_fqdn": null,
            "sku": "Standard",
            "sku_tier": "Regional",
            "tags": {
              "environment": "lab",
              "project": "acclotlab"
            },
            "timeouts": null,
            "zones": []
          },
          "sensitive_attributes": [],
          "identity_schema_version": 0,
          "private": "eyJlMmJmYjczMC1lY2FhLTExZTYtOGY4OC0zNDM2M2JjN2M0YzAiOnsiY3JlYXRlIjoxODAwMDAwMDAwMDAwLCJkZWxldGUiOjE4MDAwMDAwMDAwMDAsInJlYWQiOjMwMDAwMDAwMDAwMCwidXBkYXRlIjoxODAwMDAwMDAwMDAwfX0=",
          "dependencies": [
            "azurerm_resource_group.rg"
          ]
        }
      ]
    },
    {
      "mode": "managed",
      "type": "azurerm_resource_group",
      "name": "rg",
      "provider": "provider[\"registry.terraform.io/hashicorp/azurerm\"]",
      "instances": [
        {
          "schema_version": 0,
          "attributes": {
            "id": "/subscriptions/086e7bea-9a5e-40f0-9495-7d00486c88b2/resourceGroups/rg-acclotlab-bckosf",
            "location": "westus3",
            "managed_by": "",
            "name": "rg-acclotlab-bckosf",
            "tags": {
              "environment": "lab",
              "project": "acclotlab"
            },
            "timeouts": null
          },
          "sensitive_attributes": [],
          "identity_schema_version": 0,
          "private": "eyJlMmJmYjczMC1lY2FhLTExZTYtOGY4OC0zNDM2M2JjN2M0YzAiOnsiY3JlYXRlIjo1NDAwMDAwMDAwMDAwLCJkZWxldGUiOjU0MDAwMDAwMDAwMDAsInJlYWQiOjMwMDAwMDAwMDAwMCwidXBkYXRlIjo1NDAwMDAwMDAwMDAwfX0="
        }
      ]
    },
    {
      "mode": "managed",
      "type": "azurerm_subnet",
      "name": "bastion",
      "provider": "provider[\"registry.terraform.io/hashicorp/azurerm\"]",
      "instances": [
        {
          "schema_version": 0,
          "attributes": {
            "address_prefixes": [
              "10.20.2.0/26"
            ],
            "default_outbound_access_enabled": false,
            "delegation": [],
            "enforce_private_link_endpoint_network_policies": false,
            "enforce_private_link_service_network_policies": false,
            "id": "/subscriptions/086e7bea-9a5e-40f0-9495-7d00486c88b2/resourceGroups/rg-acclotlab-bckosf/providers/Microsoft.Network/virtualNetworks/vnet-acclotlab/subnets/AzureBastionSubnet",
            "name": "AzureBastionSubnet",
            "private_endpoint_network_policies": "Enabled",
            "private_endpoint_network_policies_enabled": true,
            "private_link_service_network_policies_enabled": true,
            "resource_group_name": "rg-acclotlab-bckosf",
            "service_endpoint_policy_ids": [],
            "service_endpoints": [],
            "timeouts": null,
            "virtual_network_name": "vnet-acclotlab"
          },
          "sensitive_attributes": [],
          "identity_schema_version": 0,
          "private": "eyJlMmJmYjczMC1lY2FhLTExZTYtOGY4OC0zNDM2M2JjN2M0YzAiOnsiY3JlYXRlIjoxODAwMDAwMDAwMDAwLCJkZWxldGUiOjE4MDAwMDAwMDAwMDAsInJlYWQiOjMwMDAwMDAwMDAwMCwidXBkYXRlIjoxODAwMDAwMDAwMDAwfX0=",
          "dependencies": [
            "azurerm_resource_group.rg",
            "azurerm_virtual_network.vnet"
          ]
        }
      ]
    },
    {
      "mode": "managed",
      "type": "azurerm_subnet",
      "name": "lab",
      "provider": "provider[\"registry.terraform.io/hashicorp/azurerm\"]",
      "instances": [
        {
          "schema_version": 0,
          "attributes": {
            "address_prefixes": [
              "10.20.1.0/24"
            ],
            "default_outbound_access_enabled": false,
            "delegation": [],
            "enforce_private_link_endpoint_network_policies": false,
            "enforce_private_link_service_network_policies": false,
            "id": "/subscriptions/086e7bea-9a5e-40f0-9495-7d00486c88b2/resourceGroups/rg-acclotlab-bckosf/providers/Microsoft.Network/virtualNetworks/vnet-acclotlab/subnets/snet-acclotlab",
            "name": "snet-acclotlab",
            "private_endpoint_network_policies": "Enabled",
            "private_endpoint_network_policies_enabled": true,
            "private_link_service_network_policies_enabled": true,
            "resource_group_name": "rg-acclotlab-bckosf",
            "service_endpoint_policy_ids": [],
            "service_endpoints": [],
            "timeouts": null,
            "virtual_network_name": "vnet-acclotlab"
          },
          "sensitive_attributes": [],
          "identity_schema_version": 0,
          "private": "eyJlMmJmYjczMC1lY2FhLTExZTYtOGY4OC0zNDM2M2JjN2M0YzAiOnsiY3JlYXRlIjoxODAwMDAwMDAwMDAwLCJkZWxldGUiOjE4MDAwMDAwMDAwMDAsInJlYWQiOjMwMDAwMDAwMDAwMCwidXBkYXRlIjoxODAwMDAwMDAwMDAwfX0=",
          "dependencies": [
            "azurerm_resource_group.rg",
            "azurerm_virtual_network.vnet"
          ]
        }
      ]
    },
    {
      "mode": "managed",
      "type": "azurerm_virtual_network",
      "name": "vnet",
      "provider": "provider[\"registry.terraform.io/hashicorp/azurerm\"]",
      "instances": [
        {
          "schema_version": 0,
          "attributes": {
            "address_space": [
              "10.20.0.0/16"
            ],
            "bgp_community": "",
            "ddos_protection_plan": [],
            "dns_servers": [],
            "edge_zone": "",
            "encryption": [],
            "flow_timeout_in_minutes": 0,
            "guid": "4db196f3-8c9c-4410-8245-736af88908a6",
            "id": "/subscriptions/086e7bea-9a5e-40f0-9495-7d00486c88b2/resourceGroups/rg-acclotlab-bckosf/providers/Microsoft.Network/virtualNetworks/vnet-acclotlab",
            "location": "westus3",
            "name": "vnet-acclotlab",
            "resource_group_name": "rg-acclotlab-bckosf",
            "subnet": [
              {
                "address_prefix": "10.20.1.0/24",
                "id": "/subscriptions/086e7bea-9a5e-40f0-9495-7d00486c88b2/resourceGroups/rg-acclotlab-bckosf/providers/Microsoft.Network/virtualNetworks/vnet-acclotlab/subnets/snet-acclotlab",
                "name": "snet-acclotlab",
                "security_group": "/subscriptions/086e7bea-9a5e-40f0-9495-7d00486c88b2/resourceGroups/rg-acclotlab-bckosf/providers/Microsoft.Network/networkSecurityGroups/vnet-acclotlab-snet-acclotlab-nsg-westus3"
              },
              {
                "address_prefix": "10.20.2.0/26",
                "id": "/subscriptions/086e7bea-9a5e-40f0-9495-7d00486c88b2/resourceGroups/rg-acclotlab-bckosf/providers/Microsoft.Network/virtualNetworks/vnet-acclotlab/subnets/AzureBastionSubnet",
                "name": "AzureBastionSubnet",
                "security_group": ""
              }
            ],
            "tags": {
              "environment": "lab",
              "project": "acclotlab"
            },
            "timeouts": null
          },
          "sensitive_attributes": [],
          "identity_schema_version": 0,
          "private": "eyJlMmJmYjczMC1lY2FhLTExZTYtOGY4OC0zNDM2M2JjN2M0YzAiOnsiY3JlYXRlIjoxODAwMDAwMDAwMDAwLCJkZWxldGUiOjE4MDAwMDAwMDAwMDAsInJlYWQiOjMwMDAwMDAwMDAwMCwidXBkYXRlIjoxODAwMDAwMDAwMDAwfX0=",
          "dependencies": [
            "azurerm_resource_group.rg"
          ]
        }
      ]
    },
    {
      "mode": "managed",
      "type": "azurerm_windows_virtual_machine",
      "name": "lab",
      "provider": "provider[\"registry.terraform.io/hashicorp/azurerm\"]",
      "instances": [
        {
          "index_key": 0,
          "schema_version": 0,
          "attributes": {
            "additional_capabilities": [],
            "additional_unattend_content": [],
            "admin_password": "AccL@b2025!",
            "admin_username": "accwig",
            "allow_extension_operations": true,
            "availability_set_id": "",
            "boot_diagnostics": [],
            "bypass_platform_safety_checks_on_user_schedule_enabled": false,
            "capacity_reservation_group_id": "",
            "computer_name": "lab-vm-1",
            "custom_data": null,
            "dedicated_host_group_id": "",
            "dedicated_host_id": "",
            "disk_controller_type": "SCSI",
            "edge_zone": "",
            "enable_automatic_updates": true,
            "encryption_at_host_enabled": false,
            "eviction_policy": "",
            "extensions_time_budget": "PT1H30M",
            "gallery_application": [],
            "hotpatching_enabled": false,
            "id": "/subscriptions/086e7bea-9a5e-40f0-9495-7d00486c88b2/resourceGroups/rg-acclotlab-bckosf/providers/Microsoft.Compute/virtualMachines/lab-vm-1",
            "identity": [],
            "license_type": "",
            "location": "westus3",
            "max_bid_price": -1,
            "name": "lab-vm-1",
            "network_interface_ids": [
              "/subscriptions/086e7bea-9a5e-40f0-9495-7d00486c88b2/resourceGroups/rg-acclotlab-bckosf/providers/Microsoft.Network/networkInterfaces/nic-lab-vm-1"
            ],
            "os_disk": [
              {
                "caching": "ReadWrite",
                "diff_disk_settings": [],
                "disk_encryption_set_id": "",
                "disk_size_gb": 128,
                "name": "lab-vm-1_OsDisk_1_20fabb4a5d1b43dda3e08ae7affe7346",
                "secure_vm_disk_encryption_set_id": "",
                "security_encryption_type": "",
                "storage_account_type": "Premium_LRS",
                "write_accelerator_enabled": false
              }
            ],
            "os_image_notification": [],
            "patch_assessment_mode": "ImageDefault",
            "patch_mode": "AutomaticByPlatform",
            "plan": [],
            "platform_fault_domain": -1,
            "priority": "Regular",
            "private_ip_address": "10.20.1.4",
            "private_ip_addresses": [
              "10.20.1.4"
            ],
            "provision_vm_agent": true,
            "proximity_placement_group_id": "",
            "public_ip_address": "",
            "public_ip_addresses": [],
            "reboot_setting": "",
            "resource_group_name": "rg-acclotlab-bckosf",
            "secret": [],
            "secure_boot_enabled": false,
            "size": "Standard_D2s_v5",
            "source_image_id": "",
            "source_image_reference": [
              {
                "offer": "WindowsServer",
                "publisher": "MicrosoftWindowsServer",
                "sku": "2019-datacenter-gensecond",
                "version": "latest"
              }
            ],
            "tags": {
              "environment": "lab",
              "lab_attendee": "vm-1",
              "project": "acclotlab"
            },
            "termination_notification": [],
            "timeouts": null,
            "timezone": "",
            "user_data": "",
            "virtual_machine_id": "31ef4bb2-f81d-44b9-8b9e-e72f55e85e07",
            "virtual_machine_scale_set_id": "",
            "vm_agent_platform_updates_enabled": true,
            "vtpm_enabled": false,
            "winrm_listener": [],
            "zone": ""
          },
          "sensitive_attributes": [
            [
              {
                "type": "get_attr",
                "value": "admin_password"
              }
            ],
            [
              {
                "type": "get_attr",
                "value": "custom_data"
              }
            ]
          ],
          "identity_schema_version": 0,
          "private": "eyJlMmJmYjczMC1lY2FhLTExZTYtOGY4OC0zNDM2M2JjN2M0YzAiOnsiY3JlYXRlIjoyNzAwMDAwMDAwMDAwLCJkZWxldGUiOjI3MDAwMDAwMDAwMDAsInJlYWQiOjMwMDAwMDAwMDAwMCwidXBkYXRlIjoyNzAwMDAwMDAwMDAwfX0=",
          "dependencies": [
            "azurerm_network_interface.lab",
            "azurerm_resource_group.rg",
            "azurerm_subnet.lab",
            "azurerm_virtual_network.vnet"
          ]
        },
        {
          "index_key": 1,
          "schema_version": 0,
          "attributes": {
            "additional_capabilities": [],
            "additional_unattend_content": [],
            "admin_password": "AccL@b2025!",
            "admin_username": "accwig",
            "allow_extension_operations": true,
            "availability_set_id": "",
            "boot_diagnostics": [],
            "bypass_platform_safety_checks_on_user_schedule_enabled": false,
            "capacity_reservation_group_id": "",
            "computer_name": "lab-vm-2",
            "custom_data": null,
            "dedicated_host_group_id": "",
            "dedicated_host_id": "",
            "disk_controller_type": "SCSI",
            "edge_zone": "",
            "enable_automatic_updates": true,
            "encryption_at_host_enabled": false,
            "eviction_policy": "",
            "extensions_time_budget": "PT1H30M",
            "gallery_application": [],
            "hotpatching_enabled": false,
            "id": "/subscriptions/086e7bea-9a5e-40f0-9495-7d00486c88b2/resourceGroups/rg-acclotlab-bckosf/providers/Microsoft.Compute/virtualMachines/lab-vm-2",
            "identity": [],
            "license_type": "",
            "location": "westus3",
            "max_bid_price": -1,
            "name": "lab-vm-2",
            "network_interface_ids": [
              "/subscriptions/086e7bea-9a5e-40f0-9495-7d00486c88b2/resourceGroups/rg-acclotlab-bckosf/providers/Microsoft.Network/networkInterfaces/nic-lab-vm-2"
            ],
            "os_disk": [
              {
                "caching": "ReadWrite",
                "diff_disk_settings": [],
                "disk_encryption_set_id": "",
                "disk_size_gb": 128,
                "name": "lab-vm-2_OsDisk_1_1a0565c7368b4225aecf63cafac92399",
                "secure_vm_disk_encryption_set_id": "",
                "security_encryption_type": "",
                "storage_account_type": "Premium_LRS",
                "write_accelerator_enabled": false
              }
            ],
            "os_image_notification": [],
            "patch_assessment_mode": "ImageDefault",
            "patch_mode": "AutomaticByPlatform",
            "plan": [],
            "platform_fault_domain": -1,
            "priority": "Regular",
            "private_ip_address": "10.20.1.9",
            "private_ip_addresses": [
              "10.20.1.9"
            ],
            "provision_vm_agent": true,
            "proximity_placement_group_id": "",
            "public_ip_address": "",
            "public_ip_addresses": [],
            "reboot_setting": "",
            "resource_group_name": "rg-acclotlab-bckosf",
            "secret": [],
            "secure_boot_enabled": false,
            "size": "Standard_D2s_v5",
            "source_image_id": "",
            "source_image_reference": [
              {
                "offer": "WindowsServer",
                "publisher": "MicrosoftWindowsServer",
                "sku": "2019-datacenter-gensecond",
                "version": "latest"
              }
            ],
            "tags": {
              "environment": "lab",
              "lab_attendee": "vm-2",
              "project": "acclotlab"
            },
            "termination_notification": null,
            "timeouts": null,
            "timezone": "",
            "user_data": "",
            "virtual_machine_id": "7e8f1861-f963-407d-a1c2-ab0bd2e5bc2e",
            "virtual_machine_scale_set_id": "",
            "vm_agent_platform_updates_enabled": true,
            "vtpm_enabled": false,
            "winrm_listener": [],
            "zone": ""
          },
          "sensitive_attributes": [
            [
              {
                "type": "get_attr",
                "value": "admin_password"
              }
            ],
            [
              {
                "type": "get_attr",
                "value": "custom_data"
              }
            ]
          ],
          "identity_schema_version": 0,
          "private": "eyJlMmJmYjczMC1lY2FhLTExZTYtOGY4OC0zNDM2M2JjN2M0YzAiOnsiY3JlYXRlIjoyNzAwMDAwMDAwMDAwLCJkZWxldGUiOjI3MDAwMDAwMDAwMDAsInJlYWQiOjMwMDAwMDAwMDAwMCwidXBkYXRlIjoyNzAwMDAwMDAwMDAwfX0=",
          "dependencies": [
            "azurerm_network_interface.lab",
            "azurerm_resource_group.rg",
            "azurerm_subnet.lab",
            "azurerm_virtual_network.vnet"
          ]
        },
        {
          "index_key": 3,
          "schema_version": 0,
          "attributes": {
            "additional_capabilities": [],
            "additional_unattend_content": [],
            "admin_password": "AccL@b2025!",
            "admin_username": "accwig",
            "allow_extension_operations": true,
            "availability_set_id": "",
            "boot_diagnostics": [],
            "bypass_platform_safety_checks_on_user_schedule_enabled": false,
            "capacity_reservation_group_id": "",
            "computer_name": "lab-vm-4",
            "custom_data": null,
            "dedicated_host_group_id": "",
            "dedicated_host_id": "",
            "disk_controller_type": "SCSI",
            "edge_zone": "",
            "enable_automatic_updates": true,
            "encryption_at_host_enabled": false,
            "eviction_policy": "",
            "extensions_time_budget": "PT1H30M",
            "gallery_application": [],
            "hotpatching_enabled": false,
            "id": "/subscriptions/086e7bea-9a5e-40f0-9495-7d00486c88b2/resourceGroups/rg-acclotlab-bckosf/providers/Microsoft.Compute/virtualMachines/lab-vm-4",
            "identity": [],
            "license_type": "",
            "location": "westus3",
            "max_bid_price": -1,
            "name": "lab-vm-4",
            "network_interface_ids": [
              "/subscriptions/086e7bea-9a5e-40f0-9495-7d00486c88b2/resourceGroups/rg-acclotlab-bckosf/providers/Microsoft.Network/networkInterfaces/nic-lab-vm-4"
            ],
            "os_disk": [
              {
                "caching": "ReadWrite",
                "diff_disk_settings": [],
                "disk_encryption_set_id": "",
                "disk_size_gb": 128,
                "name": "lab-vm-4_OsDisk_1_63686f02ab3d4ccf9e57ab161b56ae7e",
                "secure_vm_disk_encryption_set_id": "",
                "security_encryption_type": "",
                "storage_account_type": "Premium_LRS",
                "write_accelerator_enabled": false
              }
            ],
            "os_image_notification": [],
            "patch_assessment_mode": "ImageDefault",
            "patch_mode": "AutomaticByPlatform",
            "plan": [],
            "platform_fault_domain": -1,
            "priority": "Regular",
            "private_ip_address": "10.20.1.17",
            "private_ip_addresses": [
              "10.20.1.17"
            ],
            "provision_vm_agent": true,
            "proximity_placement_group_id": "",
            "public_ip_address": "",
            "public_ip_addresses": [],
            "reboot_setting": "",
            "resource_group_name": "rg-acclotlab-bckosf",
            "secret": [],
            "secure_boot_enabled": false,
            "size": "Standard_D2s_v5",
            "source_image_id": "",
            "source_image_reference": [
              {
                "offer": "WindowsServer",
                "publisher": "MicrosoftWindowsServer",
                "sku": "2019-datacenter-gensecond",
                "version": "latest"
              }
            ],
            "tags": {
              "environment": "lab",
              "lab_attendee": "vm-4",
              "project": "acclotlab"
            },
            "termination_notification": null,
            "timeouts": null,
            "timezone": "",
            "user_data": "",
            "virtual_machine_id": "9b769de8-00b3-4962-9de9-822d72ab645d",
            "virtual_machine_scale_set_id": "",
            "vm_agent_platform_updates_enabled": true,
            "vtpm_enabled": false,
            "winrm_listener": [],
            "zone": ""
          },
          "sensitive_attributes": [
            [
              {
                "type": "get_attr",
                "value": "admin_password"
              }
            ],
            [
              {
                "type": "get_attr",
                "value": "custom_data"
              }
            ]
          ],
          "identity_schema_version": 0,
          "private": "eyJlMmJmYjczMC1lY2FhLTExZTYtOGY4OC0zNDM2M2JjN2M0YzAiOnsiY3JlYXRlIjoyNzAwMDAwMDAwMDAwLCJkZWxldGUiOjI3MDAwMDAwMDAwMDAsInJlYWQiOjMwMDAwMDAwMDAwMCwidXBkYXRlIjoyNzAwMDAwMDAwMDAwfX0=",
          "dependencies": [
            "azurerm_network_interface.lab",
            "azurerm_resource_group.rg",
            "azurerm_subnet.lab",
            "azurerm_virtual_network.vnet"
          ]
        },
        {
          "index_key": 4,
          "schema_version": 0,
          "attributes": {
            "additional_capabilities": [],
            "additional_unattend_content": [],
            "admin_password": "AccL@b2025!",
            "admin_username": "accwig",
            "allow_extension_operations": true,
            "availability_set_id": "",
            "boot_diagnostics": [],
            "bypass_platform_safety_checks_on_user_schedule_enabled": false,
            "capacity_reservation_group_id": "",
            "computer_name": "lab-vm-5",
            "custom_data": null,
            "dedicated_host_group_id": "",
            "dedicated_host_id": "",
            "disk_controller_type": "SCSI",
            "edge_zone": "",
            "enable_automatic_updates": true,
            "encryption_at_host_enabled": false,
            "eviction_policy": "",
            "extensions_time_budget": "PT1H30M",
            "gallery_application": [],
            "hotpatching_enabled": false,
            "id": "/subscriptions/086e7bea-9a5e-40f0-9495-7d00486c88b2/resourceGroups/rg-acclotlab-bckosf/providers/Microsoft.Compute/virtualMachines/lab-vm-5",
            "identity": [],
            "license_type": "",
            "location": "westus3",
            "max_bid_price": -1,
            "name": "lab-vm-5",
            "network_interface_ids": [
              "/subscriptions/086e7bea-9a5e-40f0-9495-7d00486c88b2/resourceGroups/rg-acclotlab-bckosf/providers/Microsoft.Network/networkInterfaces/nic-lab-vm-5"
            ],
            "os_disk": [
              {
                "caching": "ReadWrite",
                "diff_disk_settings": [],
                "disk_encryption_set_id": "",
                "disk_size_gb": 128,
                "name": "lab-vm-5_OsDisk_1_c9c3169ae3da4f179071fa46e4fefe35",
                "secure_vm_disk_encryption_set_id": "",
                "security_encryption_type": "",
                "storage_account_type": "Premium_LRS",
                "write_accelerator_enabled": false
              }
            ],
            "os_image_notification": [],
            "patch_assessment_mode": "ImageDefault",
            "patch_mode": "AutomaticByPlatform",
            "plan": [],
            "platform_fault_domain": -1,
            "priority": "Regular",
            "private_ip_address": "10.20.1.16",
            "private_ip_addresses": [
              "10.20.1.16"
            ],
            "provision_vm_agent": true,
            "proximity_placement_group_id": "",
            "public_ip_address": "",
            "public_ip_addresses": [],
            "reboot_setting": "",
            "resource_group_name": "rg-acclotlab-bckosf",
            "secret": [],
            "secure_boot_enabled": false,
            "size": "Standard_D2s_v5",
            "source_image_id": "",
            "source_image_reference": [
              {
                "offer": "WindowsServer",
                "publisher": "MicrosoftWindowsServer",
                "sku": "2019-datacenter-gensecond",
                "version": "latest"
              }
            ],
            "tags": {
              "environment": "lab",
              "lab_attendee": "vm-5",
              "project": "acclotlab"
            },
            "termination_notification": null,
            "timeouts": null,
            "timezone": "",
            "user_data": "",
            "virtual_machine_id": "679422ff-5b31-46e9-ab44-54188e8ed7bf",
            "virtual_machine_scale_set_id": "",
            "vm_agent_platform_updates_enabled": true,
            "vtpm_enabled": false,
            "winrm_listener": [],
            "zone": ""
          },
          "sensitive_attributes": [
            [
              {
                "type": "get_attr",
                "value": "admin_password"
              }
            ],
            [
              {
                "type": "get_attr",
                "value": "custom_data"
              }
            ]
          ],
          "identity_schema_version": 0,
          "private": "eyJlMmJmYjczMC1lY2FhLTExZTYtOGY4OC0zNDM2M2JjN2M0YzAiOnsiY3JlYXRlIjoyNzAwMDAwMDAwMDAwLCJkZWxldGUiOjI3MDAwMDAwMDAwMDAsInJlYWQiOjMwMDAwMDAwMDAwMCwidXBkYXRlIjoyNzAwMDAwMDAwMDAwfX0=",
          "dependencies": [
            "azurerm_network_interface.lab",
            "azurerm_resource_group.rg",
            "azurerm_subnet.lab",
            "azurerm_virtual_network.vnet"
          ]
        },
        {
          "index_key": 5,
          "schema_version": 0,
          "attributes": {
            "additional_capabilities": [],
            "additional_unattend_content": [],
            "admin_password": "AccL@b2025!",
            "admin_username": "accwig",
            "allow_extension_operations": true,
            "availability_set_id": "",
            "boot_diagnostics": [],
            "bypass_platform_safety_checks_on_user_schedule_enabled": false,
            "capacity_reservation_group_id": "",
            "computer_name": "lab-vm-6",
            "custom_data": null,
            "dedicated_host_group_id": "",
            "dedicated_host_id": "",
            "disk_controller_type": "SCSI",
            "edge_zone": "",
            "enable_automatic_updates": true,
            "encryption_at_host_enabled": false,
            "eviction_policy": "",
            "extensions_time_budget": "PT1H30M",
            "gallery_application": [],
            "hotpatching_enabled": false,
            "id": "/subscriptions/086e7bea-9a5e-40f0-9495-7d00486c88b2/resourceGroups/rg-acclotlab-bckosf/providers/Microsoft.Compute/virtualMachines/lab-vm-6",
            "identity": [],
            "license_type": "",
            "location": "westus3",
            "max_bid_price": -1,
            "name": "lab-vm-6",
            "network_interface_ids": [
              "/subscriptions/086e7bea-9a5e-40f0-9495-7d00486c88b2/resourceGroups/rg-acclotlab-bckosf/providers/Microsoft.Network/networkInterfaces/nic-lab-vm-6"
            ],
            "os_disk": [
              {
                "caching": "ReadWrite",
                "diff_disk_settings": [],
                "disk_encryption_set_id": "",
                "disk_size_gb": 128,
                "name": "lab-vm-6_OsDisk_1_a8876535a7da43c79a807d5e8c541f63",
                "secure_vm_disk_encryption_set_id": "",
                "security_encryption_type": "",
                "storage_account_type": "Premium_LRS",
                "write_accelerator_enabled": false
              }
            ],
            "os_image_notification": [],
            "patch_assessment_mode": "ImageDefault",
            "patch_mode": "AutomaticByPlatform",
            "plan": [],
            "platform_fault_domain": -1,
            "priority": "Regular",
            "private_ip_address": "10.20.1.22",
            "private_ip_addresses": [
              "10.20.1.22"
            ],
            "provision_vm_agent": true,
            "proximity_placement_group_id": "",
            "public_ip_address": "",
            "public_ip_addresses": [],
            "reboot_setting": "",
            "resource_group_name": "rg-acclotlab-bckosf",
            "secret": [],
            "secure_boot_enabled": false,
            "size": "Standard_D2s_v5",
            "source_image_id": "",
            "source_image_reference": [
              {
                "offer": "WindowsServer",
                "publisher": "MicrosoftWindowsServer",
                "sku": "2019-datacenter-gensecond",
                "version": "latest"
              }
            ],
            "tags": {
              "environment": "lab",
              "lab_attendee": "vm-6",
              "project": "acclotlab"
            },
            "termination_notification": null,
            "timeouts": null,
            "timezone": "",
            "user_data": "",
            "virtual_machine_id": "1bef8247-77ef-4428-b251-c9ecd3d1c033",
            "virtual_machine_scale_set_id": "",
            "vm_agent_platform_updates_enabled": true,
            "vtpm_enabled": false,
            "winrm_listener": [],
            "zone": ""
          },
          "sensitive_attributes": [
            [
              {
                "type": "get_attr",
                "value": "admin_password"
              }
            ],
            [
              {
                "type": "get_attr",
                "value": "custom_data"
              }
            ]
          ],
          "identity_schema_version": 0,
          "private": "eyJlMmJmYjczMC1lY2FhLTExZTYtOGY4OC0zNDM2M2JjN2M0YzAiOnsiY3JlYXRlIjoyNzAwMDAwMDAwMDAwLCJkZWxldGUiOjI3MDAwMDAwMDAwMDAsInJlYWQiOjMwMDAwMDAwMDAwMCwidXBkYXRlIjoyNzAwMDAwMDAwMDAwfX0=",
          "dependencies": [
            "azurerm_network_interface.lab",
            "azurerm_resource_group.rg",
            "azurerm_subnet.lab",
            "azurerm_virtual_network.vnet"
          ]
        },
        {
          "index_key": 6,
          "schema_version": 0,
          "attributes": {
            "additional_capabilities": [],
            "additional_unattend_content": [],
            "admin_password": "AccL@b2025!",
            "admin_username": "accwig",
            "allow_extension_operations": true,
            "availability_set_id": "",
            "boot_diagnostics": [],
            "bypass_platform_safety_checks_on_user_schedule_enabled": false,
            "capacity_reservation_group_id": "",
            "computer_name": "lab-vm-7",
            "custom_data": null,
            "dedicated_host_group_id": "",
            "dedicated_host_id": "",
            "disk_controller_type": "SCSI",
            "edge_zone": "",
            "enable_automatic_updates": true,
            "encryption_at_host_enabled": false,
            "eviction_policy": "",
            "extensions_time_budget": "PT1H30M",
            "gallery_application": [],
            "hotpatching_enabled": false,
            "id": "/subscriptions/086e7bea-9a5e-40f0-9495-7d00486c88b2/resourceGroups/rg-acclotlab-bckosf/providers/Microsoft.Compute/virtualMachines/lab-vm-7",
            "identity": [],
            "license_type": "",
            "location": "westus3",
            "max_bid_price": -1,
            "name": "lab-vm-7",
            "network_interface_ids": [
              "/subscriptions/086e7bea-9a5e-40f0-9495-7d00486c88b2/resourceGroups/rg-acclotlab-bckosf/providers/Microsoft.Network/networkInterfaces/nic-lab-vm-7"
            ],
            "os_disk": [
              {
                "caching": "ReadWrite",
                "diff_disk_settings": [],
                "disk_encryption_set_id": "",
                "disk_size_gb": 128,
                "name": "lab-vm-7_OsDisk_1_f92af1db954145e98b9b70c8fa8c29c4",
                "secure_vm_disk_encryption_set_id": "",
                "security_encryption_type": "",
                "storage_account_type": "Premium_LRS",
                "write_accelerator_enabled": false
              }
            ],
            "os_image_notification": [],
            "patch_assessment_mode": "ImageDefault",
            "patch_mode": "AutomaticByPlatform",
            "plan": [],
            "platform_fault_domain": -1,
            "priority": "Regular",
            "private_ip_address": "10.20.1.7",
            "private_ip_addresses": [
              "10.20.1.7"
            ],
            "provision_vm_agent": true,
            "proximity_placement_group_id": "",
            "public_ip_address": "",
            "public_ip_addresses": [],
            "reboot_setting": "",
            "resource_group_name": "rg-acclotlab-bckosf",
            "secret": [],
            "secure_boot_enabled": false,
            "size": "Standard_D2s_v5",
            "source_image_id": "",
            "source_image_reference": [
              {
                "offer": "WindowsServer",
                "publisher": "MicrosoftWindowsServer",
                "sku": "2019-datacenter-gensecond",
                "version": "latest"
              }
            ],
            "tags": {
              "environment": "lab",
              "lab_attendee": "vm-7",
              "project": "acclotlab"
            },
            "termination_notification": null,
            "timeouts": null,
            "timezone": "",
            "user_data": "",
            "virtual_machine_id": "add4789e-77ff-448d-a3bb-6e5c7eb40ed8",
            "virtual_machine_scale_set_id": "",
            "vm_agent_platform_updates_enabled": true,
            "vtpm_enabled": false,
            "winrm_listener": [],
            "zone": ""
          },
          "sensitive_attributes": [
            [
              {
                "type": "get_attr",
                "value": "admin_password"
              }
            ],
            [
              {
                "type": "get_attr",
                "value": "custom_data"
              }
            ]
          ],
          "identity_schema_version": 0,
          "private": "eyJlMmJmYjczMC1lY2FhLTExZTYtOGY4OC0zNDM2M2JjN2M0YzAiOnsiY3JlYXRlIjoyNzAwMDAwMDAwMDAwLCJkZWxldGUiOjI3MDAwMDAwMDAwMDAsInJlYWQiOjMwMDAwMDAwMDAwMCwidXBkYXRlIjoyNzAwMDAwMDAwMDAwfX0=",
          "dependencies": [
            "azurerm_network_interface.lab",
            "azurerm_resource_group.rg",
            "azurerm_subnet.lab",
            "azurerm_virtual_network.vnet"
          ]
        },
        {
          "index_key": 7,
          "schema_version": 0,
          "attributes": {
            "additional_capabilities": [],
            "additional_unattend_content": [],
            "admin_password": "AccL@b2025!",
            "admin_username": "accwig",
            "allow_extension_operations": true,
            "availability_set_id": "",
            "boot_diagnostics": [],
            "bypass_platform_safety_checks_on_user_schedule_enabled": false,
            "capacity_reservation_group_id": "",
            "computer_name": "lab-vm-8",
            "custom_data": null,
            "dedicated_host_group_id": "",
            "dedicated_host_id": "",
            "disk_controller_type": "SCSI",
            "edge_zone": "",
            "enable_automatic_updates": true,
            "encryption_at_host_enabled": false,
            "eviction_policy": "",
            "extensions_time_budget": "PT1H30M",
            "gallery_application": [],
            "hotpatching_enabled": false,
            "id": "/subscriptions/086e7bea-9a5e-40f0-9495-7d00486c88b2/resourceGroups/rg-acclotlab-bckosf/providers/Microsoft.Compute/virtualMachines/lab-vm-8",
            "identity": [],
            "license_type": "",
            "location": "westus3",
            "max_bid_price": -1,
            "name": "lab-vm-8",
            "network_interface_ids": [
              "/subscriptions/086e7bea-9a5e-40f0-9495-7d00486c88b2/resourceGroups/rg-acclotlab-bckosf/providers/Microsoft.Network/networkInterfaces/nic-lab-vm-8"
            ],
            "os_disk": [
              {
                "caching": "ReadWrite",
                "diff_disk_settings": [],
                "disk_encryption_set_id": "",
                "disk_size_gb": 128,
                "name": "lab-vm-8_OsDisk_1_5f6020e867524a00a84ff813506c7c2f",
                "secure_vm_disk_encryption_set_id": "",
                "security_encryption_type": "",
                "storage_account_type": "Premium_LRS",
                "write_accelerator_enabled": false
              }
            ],
            "os_image_notification": [],
            "patch_assessment_mode": "ImageDefault",
            "patch_mode": "AutomaticByPlatform",
            "plan": [],
            "platform_fault_domain": -1,
            "priority": "Regular",
            "private_ip_address": "10.20.1.21",
            "private_ip_addresses": [
              "10.20.1.21"
            ],
            "provision_vm_agent": true,
            "proximity_placement_group_id": "",
            "public_ip_address": "",
            "public_ip_addresses": [],
            "reboot_setting": "",
            "resource_group_name": "rg-acclotlab-bckosf",
            "secret": [],
            "secure_boot_enabled": false,
            "size": "Standard_D2s_v5",
            "source_image_id": "",
            "source_image_reference": [
              {
                "offer": "WindowsServer",
                "publisher": "MicrosoftWindowsServer",
                "sku": "2019-datacenter-gensecond",
                "version": "latest"
              }
            ],
            "tags": {
              "environment": "lab",
              "lab_attendee": "vm-8",
              "project": "acclotlab"
            },
            "termination_notification": null,
            "timeouts": null,
            "timezone": "",
            "user_data": "",
            "virtual_machine_id": "9cb6a4bf-dd6a-4d1b-abfa-a538b7842d3a",
            "virtual_machine_scale_set_id": "",
            "vm_agent_platform_updates_enabled": true,
            "vtpm_enabled": false,
            "winrm_listener": [],
            "zone": ""
          },
          "sensitive_attributes": [
            [
              {
                "type": "get_attr",
                "value": "admin_password"
              }
            ],
            [
              {
                "type": "get_attr",
                "value": "custom_data"
              }
            ]
          ],
          "identity_schema_version": 0,
          "private": "eyJlMmJmYjczMC1lY2FhLTExZTYtOGY4OC0zNDM2M2JjN2M0YzAiOnsiY3JlYXRlIjoyNzAwMDAwMDAwMDAwLCJkZWxldGUiOjI3MDAwMDAwMDAwMDAsInJlYWQiOjMwMDAwMDAwMDAwMCwidXBkYXRlIjoyNzAwMDAwMDAwMDAwfX0=",
          "dependencies": [
            "azurerm_network_interface.lab",
            "azurerm_resource_group.rg",
            "azurerm_subnet.lab",
            "azurerm_virtual_network.vnet"
          ]
        },
        {
          "index_key": 8,
          "schema_version": 0,
          "attributes": {
            "additional_capabilities": [],
            "additional_unattend_content": [],
            "admin_password": "AccL@b2025!",
            "admin_username": "accwig",
            "allow_extension_operations": true,
            "availability_set_id": "",
            "boot_diagnostics": [],
            "bypass_platform_safety_checks_on_user_schedule_enabled": false,
            "capacity_reservation_group_id": "",
            "computer_name": "lab-vm-9",
            "custom_data": null,
            "dedicated_host_group_id": "",
            "dedicated_host_id": "",
            "disk_controller_type": "SCSI",
            "edge_zone": "",
            "enable_automatic_updates": true,
            "encryption_at_host_enabled": false,
            "eviction_policy": "",
            "extensions_time_budget": "PT1H30M",
            "gallery_application": [],
            "hotpatching_enabled": false,
            "id": "/subscriptions/086e7bea-9a5e-40f0-9495-7d00486c88b2/resourceGroups/rg-acclotlab-bckosf/providers/Microsoft.Compute/virtualMachines/lab-vm-9",
            "identity": [],
            "license_type": "",
            "location": "westus3",
            "max_bid_price": -1,
            "name": "lab-vm-9",
            "network_interface_ids": [
              "/subscriptions/086e7bea-9a5e-40f0-9495-7d00486c88b2/resourceGroups/rg-acclotlab-bckosf/providers/Microsoft.Network/networkInterfaces/nic-lab-vm-9"
            ],
            "os_disk": [
              {
                "caching": "ReadWrite",
                "diff_disk_settings": [],
                "disk_encryption_set_id": "",
                "disk_size_gb": 128,
                "name": "lab-vm-9_OsDisk_1_819d67e6a5ad49159d91a9519607f7c3",
                "secure_vm_disk_encryption_set_id": "",
                "security_encryption_type": "",
                "storage_account_type": "Premium_LRS",
                "write_accelerator_enabled": false
              }
            ],
            "os_image_notification": [],
            "patch_assessment_mode": "ImageDefault",
            "patch_mode": "AutomaticByPlatform",
            "plan": [],
            "platform_fault_domain": -1,
            "priority": "Regular",
            "private_ip_address": "10.20.1.6",
            "private_ip_addresses": [
              "10.20.1.6"
            ],
            "provision_vm_agent": true,
            "proximity_placement_group_id": "",
            "public_ip_address": "",
            "public_ip_addresses": [],
            "reboot_setting": "",
            "resource_group_name": "rg-acclotlab-bckosf",
            "secret": [],
            "secure_boot_enabled": false,
            "size": "Standard_D2s_v5",
            "source_image_id": "",
            "source_image_reference": [
              {
                "offer": "WindowsServer",
                "publisher": "MicrosoftWindowsServer",
                "sku": "2019-datacenter-gensecond",
                "version": "latest"
              }
            ],
            "tags": {
              "environment": "lab",
              "lab_attendee": "vm-9",
              "project": "acclotlab"
            },
            "termination_notification": null,
            "timeouts": null,
            "timezone": "",
            "user_data": "",
            "virtual_machine_id": "27a486f6-25b4-4fb8-8213-5d09d4c01c80",
            "virtual_machine_scale_set_id": "",
            "vm_agent_platform_updates_enabled": true,
            "vtpm_enabled": false,
            "winrm_listener": [],
            "zone": ""
          },
          "sensitive_attributes": [
            [
              {
                "type": "get_attr",
                "value": "admin_password"
              }
            ],
            [
              {
                "type": "get_attr",
                "value": "custom_data"
              }
            ]
          ],
          "identity_schema_version": 0,
          "private": "eyJlMmJmYjczMC1lY2FhLTExZTYtOGY4OC0zNDM2M2JjN2M0YzAiOnsiY3JlYXRlIjoyNzAwMDAwMDAwMDAwLCJkZWxldGUiOjI3MDAwMDAwMDAwMDAsInJlYWQiOjMwMDAwMDAwMDAwMCwidXBkYXRlIjoyNzAwMDAwMDAwMDAwfX0=",
          "dependencies": [
            "azurerm_network_interface.lab",
            "azurerm_resource_group.rg",
            "azurerm_subnet.lab",
            "azurerm_virtual_network.vnet"
          ]
        },
        {
          "index_key": 9,
          "schema_version": 0,
          "attributes": {
            "additional_capabilities": [],
            "additional_unattend_content": [],
            "admin_password": "AccL@b2025!",
            "admin_username": "accwig",
            "allow_extension_operations": true,
            "availability_set_id": "",
            "boot_diagnostics": [],
            "bypass_platform_safety_checks_on_user_schedule_enabled": false,
            "capacity_reservation_group_id": "",
            "computer_name": "lab-vm-10",
            "custom_data": null,
            "dedicated_host_group_id": "",
            "dedicated_host_id": "",
            "disk_controller_type": "SCSI",
            "edge_zone": "",
            "enable_automatic_updates": true,
            "encryption_at_host_enabled": false,
            "eviction_policy": "",
            "extensions_time_budget": "PT1H30M",
            "gallery_application": [],
            "hotpatching_enabled": false,
            "id": "/subscriptions/086e7bea-9a5e-40f0-9495-7d00486c88b2/resourceGroups/rg-acclotlab-bckosf/providers/Microsoft.Compute/virtualMachines/lab-vm-10",
            "identity": [],
            "license_type": "",
            "location": "westus3",
            "max_bid_price": -1,
            "name": "lab-vm-10",
            "network_interface_ids": [
              "/subscriptions/086e7bea-9a5e-40f0-9495-7d00486c88b2/resourceGroups/rg-acclotlab-bckosf/providers/Microsoft.Network/networkInterfaces/nic-lab-vm-10"
            ],
            "os_disk": [
              {
                "caching": "ReadWrite",
                "diff_disk_settings": [],
                "disk_encryption_set_id": "",
                "disk_size_gb": 128,
                "name": "lab-vm-10_OsDisk_1_8d772696927f4e6e8e9da6114762078c",
                "secure_vm_disk_encryption_set_id": "",
                "security_encryption_type": "",
                "storage_account_type": "Premium_LRS",
                "write_accelerator_enabled": false
              }
            ],
            "os_image_notification": [],
            "patch_assessment_mode": "ImageDefault",
            "patch_mode": "AutomaticByPlatform",
            "plan": [],
            "platform_fault_domain": -1,
            "priority": "Regular",
            "private_ip_address": "10.20.1.20",
            "private_ip_addresses": [
              "10.20.1.20"
            ],
            "provision_vm_agent": true,
            "proximity_placement_group_id": "",
            "public_ip_address": "",
            "public_ip_addresses": [],
            "reboot_setting": "",
            "resource_group_name": "rg-acclotlab-bckosf",
            "secret": [],
            "secure_boot_enabled": false,
            "size": "Standard_D2s_v5",
            "source_image_id": "",
            "source_image_reference": [
              {
                "offer": "WindowsServer",
                "publisher": "MicrosoftWindowsServer",
                "sku": "2019-datacenter-gensecond",
                "version": "latest"
              }
            ],
            "tags": {
              "environment": "lab",
              "lab_attendee": "vm-10",
              "project": "acclotlab"
            },
            "termination_notification": null,
            "timeouts": null,
            "timezone": "",
            "user_data": "",
            "virtual_machine_id": "f0c92d91-23ea-4415-9783-8ea8c09f4383",
            "virtual_machine_scale_set_id": "",
            "vm_agent_platform_updates_enabled": true,
            "vtpm_enabled": false,
            "winrm_listener": [],
            "zone": ""
          },
          "sensitive_attributes": [
            [
              {
                "type": "get_attr",
                "value": "admin_password"
              }
            ],
            [
              {
                "type": "get_attr",
                "value": "custom_data"
              }
            ]
          ],
          "identity_schema_version": 0,
          "private": "eyJlMmJmYjczMC1lY2FhLTExZTYtOGY4OC0zNDM2M2JjN2M0YzAiOnsiY3JlYXRlIjoyNzAwMDAwMDAwMDAwLCJkZWxldGUiOjI3MDAwMDAwMDAwMDAsInJlYWQiOjMwMDAwMDAwMDAwMCwidXBkYXRlIjoyNzAwMDAwMDAwMDAwfX0=",
          "dependencies": [
            "azurerm_network_interface.lab",
            "azurerm_resource_group.rg",
            "azurerm_subnet.lab",
            "azurerm_virtual_network.vnet"
          ]
        },
        {
          "index_key": 10,
          "schema_version": 0,
          "attributes": {
            "additional_capabilities": [],
            "additional_unattend_content": [],
            "admin_password": "AccL@b2025!",
            "admin_username": "accwig",
            "allow_extension_operations": true,
            "availability_set_id": "",
            "boot_diagnostics": [],
            "bypass_platform_safety_checks_on_user_schedule_enabled": false,
            "capacity_reservation_group_id": "",
            "computer_name": "lab-vm-11",
            "custom_data": null,
            "dedicated_host_group_id": "",
            "dedicated_host_id": "",
            "disk_controller_type": "SCSI",
            "edge_zone": "",
            "enable_automatic_updates": true,
            "encryption_at_host_enabled": false,
            "eviction_policy": "",
            "extensions_time_budget": "PT1H30M",
            "gallery_application": [],
            "hotpatching_enabled": false,
            "id": "/subscriptions/086e7bea-9a5e-40f0-9495-7d00486c88b2/resourceGroups/rg-acclotlab-bckosf/providers/Microsoft.Compute/virtualMachines/lab-vm-11",
            "identity": [],
            "license_type": "",
            "location": "westus3",
            "max_bid_price": -1,
            "name": "lab-vm-11",
            "network_interface_ids": [
              "/subscriptions/086e7bea-9a5e-40f0-9495-7d00486c88b2/resourceGroups/rg-acclotlab-bckosf/providers/Microsoft.Network/networkInterfaces/nic-lab-vm-11"
            ],
            "os_disk": [
              {
                "caching": "ReadWrite",
                "diff_disk_settings": [],
                "disk_encryption_set_id": "",
                "disk_size_gb": 128,
                "name": "lab-vm-11_OsDisk_1_37ee1359e4e148708501844696af4342",
                "secure_vm_disk_encryption_set_id": "",
                "security_encryption_type": "",
                "storage_account_type": "Premium_LRS",
                "write_accelerator_enabled": false
              }
            ],
            "os_image_notification": [],
            "patch_assessment_mode": "ImageDefault",
            "patch_mode": "AutomaticByPlatform",
            "plan": [],
            "platform_fault_domain": -1,
            "priority": "Regular",
            "private_ip_address": "10.20.1.13",
            "private_ip_addresses": [
              "10.20.1.13"
            ],
            "provision_vm_agent": true,
            "proximity_placement_group_id": "",
            "public_ip_address": "",
            "public_ip_addresses": [],
            "reboot_setting": "",
            "resource_group_name": "rg-acclotlab-bckosf",
            "secret": [],
            "secure_boot_enabled": false,
            "size": "Standard_D2s_v5",
            "source_image_id": "",
            "source_image_reference": [
              {
                "offer": "WindowsServer",
                "publisher": "MicrosoftWindowsServer",
                "sku": "2019-datacenter-gensecond",
                "version": "latest"
              }
            ],
            "tags": {
              "environment": "lab",
              "lab_attendee": "vm-11",
              "project": "acclotlab"
            },
            "termination_notification": null,
            "timeouts": null,
            "timezone": "",
            "user_data": "",
            "virtual_machine_id": "1eebe1c0-d9f9-4e94-8d1a-3701d0584913",
            "virtual_machine_scale_set_id": "",
            "vm_agent_platform_updates_enabled": true,
            "vtpm_enabled": false,
            "winrm_listener": [],
            "zone": ""
          },
          "sensitive_attributes": [
            [
              {
                "type": "get_attr",
                "value": "admin_password"
              }
            ],
            [
              {
                "type": "get_attr",
                "value": "custom_data"
              }
            ]
          ],
          "identity_schema_version": 0,
          "private": "eyJlMmJmYjczMC1lY2FhLTExZTYtOGY4OC0zNDM2M2JjN2M0YzAiOnsiY3JlYXRlIjoyNzAwMDAwMDAwMDAwLCJkZWxldGUiOjI3MDAwMDAwMDAwMDAsInJlYWQiOjMwMDAwMDAwMDAwMCwidXBkYXRlIjoyNzAwMDAwMDAwMDAwfX0=",
          "dependencies": [
            "azurerm_network_interface.lab",
            "azurerm_resource_group.rg",
            "azurerm_subnet.lab",
            "azurerm_virtual_network.vnet"
          ]
        },
        {
          "index_key": 11,
          "schema_version": 0,
          "attributes": {
            "additional_capabilities": [],
            "additional_unattend_content": [],
            "admin_password": "AccL@b2025!",
            "admin_username": "accwig",
            "allow_extension_operations": true,
            "availability_set_id": "",
            "boot_diagnostics": [],
            "bypass_platform_safety_checks_on_user_schedule_enabled": false,
            "capacity_reservation_group_id": "",
            "computer_name": "lab-vm-12",
            "custom_data": null,
            "dedicated_host_group_id": "",
            "dedicated_host_id": "",
            "disk_controller_type": "SCSI",
            "edge_zone": "",
            "enable_automatic_updates": true,
            "encryption_at_host_enabled": false,
            "eviction_policy": "",
            "extensions_time_budget": "PT1H30M",
            "gallery_application": [],
            "hotpatching_enabled": false,
            "id": "/subscriptions/086e7bea-9a5e-40f0-9495-7d00486c88b2/resourceGroups/rg-acclotlab-bckosf/providers/Microsoft.Compute/virtualMachines/lab-vm-12",
            "identity": [],
            "license_type": "",
            "location": "westus3",
            "max_bid_price": -1,
            "name": "lab-vm-12",
            "network_interface_ids": [
              "/subscriptions/086e7bea-9a5e-40f0-9495-7d00486c88b2/resourceGroups/rg-acclotlab-bckosf/providers/Microsoft.Network/networkInterfaces/nic-lab-vm-12"
            ],
            "os_disk": [
              {
                "caching": "ReadWrite",
                "diff_disk_settings": [],
                "disk_encryption_set_id": "",
                "disk_size_gb": 128,
                "name": "lab-vm-12_OsDisk_1_95371716723a4492a815d4c118ebe041",
                "secure_vm_disk_encryption_set_id": "",
                "security_encryption_type": "",
                "storage_account_type": "Premium_LRS",
                "write_accelerator_enabled": false
              }
            ],
            "os_image_notification": [],
            "patch_assessment_mode": "ImageDefault",
            "patch_mode": "AutomaticByPlatform",
            "plan": [],
            "platform_fault_domain": -1,
            "priority": "Regular",
            "private_ip_address": "10.20.1.8",
            "private_ip_addresses": [
              "10.20.1.8"
            ],
            "provision_vm_agent": true,
            "proximity_placement_group_id": "",
            "public_ip_address": "",
            "public_ip_addresses": [],
            "reboot_setting": "",
            "resource_group_name": "rg-acclotlab-bckosf",
            "secret": [],
            "secure_boot_enabled": false,
            "size": "Standard_D2s_v5",
            "source_image_id": "",
            "source_image_reference": [
              {
                "offer": "WindowsServer",
                "publisher": "MicrosoftWindowsServer",
                "sku": "2019-datacenter-gensecond",
                "version": "latest"
              }
            ],
            "tags": {
              "environment": "lab",
              "lab_attendee": "vm-12",
              "project": "acclotlab"
            },
            "termination_notification": null,
            "timeouts": null,
            "timezone": "",
            "user_data": "",
            "virtual_machine_id": "63e53caf-79d5-41f8-b32b-f87eb5bcb8e0",
            "virtual_machine_scale_set_id": "",
            "vm_agent_platform_updates_enabled": true,
            "vtpm_enabled": false,
            "winrm_listener": [],
            "zone": ""
          },
          "sensitive_attributes": [
            [
              {
                "type": "get_attr",
                "value": "admin_password"
              }
            ],
            [
              {
                "type": "get_attr",
                "value": "custom_data"
              }
            ]
          ],
          "identity_schema_version": 0,
          "private": "eyJlMmJmYjczMC1lY2FhLTExZTYtOGY4OC0zNDM2M2JjN2M0YzAiOnsiY3JlYXRlIjoyNzAwMDAwMDAwMDAwLCJkZWxldGUiOjI3MDAwMDAwMDAwMDAsInJlYWQiOjMwMDAwMDAwMDAwMCwidXBkYXRlIjoyNzAwMDAwMDAwMDAwfX0=",
          "dependencies": [
            "azurerm_network_interface.lab",
            "azurerm_resource_group.rg",
            "azurerm_subnet.lab",
            "azurerm_virtual_network.vnet"
          ]
        },
        {
          "index_key": 12,
          "schema_version": 0,
          "attributes": {
            "additional_capabilities": [],
            "additional_unattend_content": [],
            "admin_password": "AccL@b2025!",
            "admin_username": "accwig",
            "allow_extension_operations": true,
            "availability_set_id": "",
            "boot_diagnostics": [],
            "bypass_platform_safety_checks_on_user_schedule_enabled": false,
            "capacity_reservation_group_id": "",
            "computer_name": "lab-vm-13",
            "custom_data": null,
            "dedicated_host_group_id": "",
            "dedicated_host_id": "",
            "disk_controller_type": "SCSI",
            "edge_zone": "",
            "enable_automatic_updates": true,
            "encryption_at_host_enabled": false,
            "eviction_policy": "",
            "extensions_time_budget": "PT1H30M",
            "gallery_application": [],
            "hotpatching_enabled": false,
            "id": "/subscriptions/086e7bea-9a5e-40f0-9495-7d00486c88b2/resourceGroups/rg-acclotlab-bckosf/providers/Microsoft.Compute/virtualMachines/lab-vm-13",
            "identity": [],
            "license_type": "",
            "location": "westus3",
            "max_bid_price": -1,
            "name": "lab-vm-13",
            "network_interface_ids": [
              "/subscriptions/086e7bea-9a5e-40f0-9495-7d00486c88b2/resourceGroups/rg-acclotlab-bckosf/providers/Microsoft.Network/networkInterfaces/nic-lab-vm-13"
            ],
            "os_disk": [
              {
                "caching": "ReadWrite",
                "diff_disk_settings": [],
                "disk_encryption_set_id": "",
                "disk_size_gb": 128,
                "name": "lab-vm-13_OsDisk_1_9eeebc33827446e0b194836ab2796e6b",
                "secure_vm_disk_encryption_set_id": "",
                "security_encryption_type": "",
                "storage_account_type": "Premium_LRS",
                "write_accelerator_enabled": false
              }
            ],
            "os_image_notification": [],
            "patch_assessment_mode": "ImageDefault",
            "patch_mode": "AutomaticByPlatform",
            "plan": [],
            "platform_fault_domain": -1,
            "priority": "Regular",
            "private_ip_address": "10.20.1.10",
            "private_ip_addresses": [
              "10.20.1.10"
            ],
            "provision_vm_agent": true,
            "proximity_placement_group_id": "",
            "public_ip_address": "",
            "public_ip_addresses": [],
            "reboot_setting": "",
            "resource_group_name": "rg-acclotlab-bckosf",
            "secret": [],
            "secure_boot_enabled": false,
            "size": "Standard_D2s_v5",
            "source_image_id": "",
            "source_image_reference": [
              {
                "offer": "WindowsServer",
                "publisher": "MicrosoftWindowsServer",
                "sku": "2019-datacenter-gensecond",
                "version": "latest"
              }
            ],
            "tags": {
              "environment": "lab",
              "lab_attendee": "vm-13",
              "project": "acclotlab"
            },
            "termination_notification": null,
            "timeouts": null,
            "timezone": "",
            "user_data": "",
            "virtual_machine_id": "e757e554-5e91-48f9-9d8a-c354bb6b68fa",
            "virtual_machine_scale_set_id": "",
            "vm_agent_platform_updates_enabled": true,
            "vtpm_enabled": false,
            "winrm_listener": [],
            "zone": ""
          },
          "sensitive_attributes": [
            [
              {
                "type": "get_attr",
                "value": "admin_password"
              }
            ],
            [
              {
                "type": "get_attr",
                "value": "custom_data"
              }
            ]
          ],
          "identity_schema_version": 0,
          "private": "eyJlMmJmYjczMC1lY2FhLTExZTYtOGY4OC0zNDM2M2JjN2M0YzAiOnsiY3JlYXRlIjoyNzAwMDAwMDAwMDAwLCJkZWxldGUiOjI3MDAwMDAwMDAwMDAsInJlYWQiOjMwMDAwMDAwMDAwMCwidXBkYXRlIjoyNzAwMDAwMDAwMDAwfX0=",
          "dependencies": [
            "azurerm_network_interface.lab",
            "azurerm_resource_group.rg",
            "azurerm_subnet.lab",
            "azurerm_virtual_network.vnet"
          ]
        },
        {
          "index_key": 13,
          "schema_version": 0,
          "attributes": {
            "additional_capabilities": [],
            "additional_unattend_content": [],
            "admin_password": "AccL@b2025!",
            "admin_username": "accwig",
            "allow_extension_operations": true,
            "availability_set_id": "",
            "boot_diagnostics": [],
            "bypass_platform_safety_checks_on_user_schedule_enabled": false,
            "capacity_reservation_group_id": "",
            "computer_name": "lab-vm-14",
            "custom_data": null,
            "dedicated_host_group_id": "",
            "dedicated_host_id": "",
            "disk_controller_type": "SCSI",
            "edge_zone": "",
            "enable_automatic_updates": true,
            "encryption_at_host_enabled": false,
            "eviction_policy": "",
            "extensions_time_budget": "PT1H30M",
            "gallery_application": [],
            "hotpatching_enabled": false,
            "id": "/subscriptions/086e7bea-9a5e-40f0-9495-7d00486c88b2/resourceGroups/rg-acclotlab-bckosf/providers/Microsoft.Compute/virtualMachines/lab-vm-14",
            "identity": [],
            "license_type": "",
            "location": "westus3",
            "max_bid_price": -1,
            "name": "lab-vm-14",
            "network_interface_ids": [
              "/subscriptions/086e7bea-9a5e-40f0-9495-7d00486c88b2/resourceGroups/rg-acclotlab-bckosf/providers/Microsoft.Network/networkInterfaces/nic-lab-vm-14"
            ],
            "os_disk": [
              {
                "caching": "ReadWrite",
                "diff_disk_settings": [],
                "disk_encryption_set_id": "",
                "disk_size_gb": 128,
                "name": "lab-vm-14_OsDisk_1_4083b72947a9429ca340405bf14bb524",
                "secure_vm_disk_encryption_set_id": "",
                "security_encryption_type": "",
                "storage_account_type": "Premium_LRS",
                "write_accelerator_enabled": false
              }
            ],
            "os_image_notification": [],
            "patch_assessment_mode": "ImageDefault",
            "patch_mode": "AutomaticByPlatform",
            "plan": [],
            "platform_fault_domain": -1,
            "priority": "Regular",
            "private_ip_address": "10.20.1.12",
            "private_ip_addresses": [
              "10.20.1.12"
            ],
            "provision_vm_agent": true,
            "proximity_placement_group_id": "",
            "public_ip_address": "",
            "public_ip_addresses": [],
            "reboot_setting": "",
            "resource_group_name": "rg-acclotlab-bckosf",
            "secret": [],
            "secure_boot_enabled": false,
            "size": "Standard_D2s_v5",
            "source_image_id": "",
            "source_image_reference": [
              {
                "offer": "WindowsServer",
                "publisher": "MicrosoftWindowsServer",
                "sku": "2019-datacenter-gensecond",
                "version": "latest"
              }
            ],
            "tags": {
              "environment": "lab",
              "lab_attendee": "vm-14",
              "project": "acclotlab"
            },
            "termination_notification": null,
            "timeouts": null,
            "timezone": "",
            "user_data": "",
            "virtual_machine_id": "08dc2251-3878-425b-811d-018c03c7bd02",
            "virtual_machine_scale_set_id": "",
            "vm_agent_platform_updates_enabled": true,
            "vtpm_enabled": false,
            "winrm_listener": [],
            "zone": ""
          },
          "sensitive_attributes": [
            [
              {
                "type": "get_attr",
                "value": "admin_password"
              }
            ],
            [
              {
                "type": "get_attr",
                "value": "custom_data"
              }
            ]
          ],
          "identity_schema_version": 0,
          "private": "eyJlMmJmYjczMC1lY2FhLTExZTYtOGY4OC0zNDM2M2JjN2M0YzAiOnsiY3JlYXRlIjoyNzAwMDAwMDAwMDAwLCJkZWxldGUiOjI3MDAwMDAwMDAwMDAsInJlYWQiOjMwMDAwMDAwMDAwMCwidXBkYXRlIjoyNzAwMDAwMDAwMDAwfX0=",
          "dependencies": [
            "azurerm_network_interface.lab",
            "azurerm_resource_group.rg",
            "azurerm_subnet.lab",
            "azurerm_virtual_network.vnet"
          ]
        },
        {
          "index_key": 14,
          "schema_version": 0,
          "attributes": {
            "additional_capabilities": [],
            "additional_unattend_content": [],
            "admin_password": "AccL@b2025!",
            "admin_username": "accwig",
            "allow_extension_operations": true,
            "availability_set_id": "",
            "boot_diagnostics": [],
            "bypass_platform_safety_checks_on_user_schedule_enabled": false,
            "capacity_reservation_group_id": "",
            "computer_name": "lab-vm-15",
            "custom_data": null,
            "dedicated_host_group_id": "",
            "dedicated_host_id": "",
            "disk_controller_type": "SCSI",
            "edge_zone": "",
            "enable_automatic_updates": true,
            "encryption_at_host_enabled": false,
            "eviction_policy": "",
            "extensions_time_budget": "PT1H30M",
            "gallery_application": [],
            "hotpatching_enabled": false,
            "id": "/subscriptions/086e7bea-9a5e-40f0-9495-7d00486c88b2/resourceGroups/rg-acclotlab-bckosf/providers/Microsoft.Compute/virtualMachines/lab-vm-15",
            "identity": [],
            "license_type": "",
            "location": "westus3",
            "max_bid_price": -1,
            "name": "lab-vm-15",
            "network_interface_ids": [
              "/subscriptions/086e7bea-9a5e-40f0-9495-7d00486c88b2/resourceGroups/rg-acclotlab-bckosf/providers/Microsoft.Network/networkInterfaces/nic-lab-vm-15"
            ],
            "os_disk": [
              {
                "caching": "ReadWrite",
                "diff_disk_settings": [],
                "disk_encryption_set_id": "",
                "disk_size_gb": 128,
                "name": "lab-vm-15_OsDisk_1_14175b8a410f4bf5a8fee0a7cb280bf0",
                "secure_vm_disk_encryption_set_id": "",
                "security_encryption_type": "",
                "storage_account_type": "Premium_LRS",
                "write_accelerator_enabled": false
              }
            ],
            "os_image_notification": [],
            "patch_assessment_mode": "ImageDefault",
            "patch_mode": "AutomaticByPlatform",
            "plan": [],
            "platform_fault_domain": -1,
            "priority": "Regular",
            "private_ip_address": "10.20.1.15",
            "private_ip_addresses": [
              "10.20.1.15"
            ],
            "provision_vm_agent": true,
            "proximity_placement_group_id": "",
            "public_ip_address": "",
            "public_ip_addresses": [],
            "reboot_setting": "",
            "resource_group_name": "rg-acclotlab-bckosf",
            "secret": [],
            "secure_boot_enabled": false,
            "size": "Standard_D2s_v5",
            "source_image_id": "",
            "source_image_reference": [
              {
                "offer": "WindowsServer",
                "publisher": "MicrosoftWindowsServer",
                "sku": "2019-datacenter-gensecond",
                "version": "latest"
              }
            ],
            "tags": {
              "environment": "lab",
              "lab_attendee": "vm-15",
              "project": "acclotlab"
            },
            "termination_notification": null,
            "timeouts": null,
            "timezone": "",
            "user_data": "",
            "virtual_machine_id": "44631a26-1d3b-40c4-958c-d4baaa0b0cc2",
            "virtual_machine_scale_set_id": "",
            "vm_agent_platform_updates_enabled": true,
            "vtpm_enabled": false,
            "winrm_listener": [],
            "zone": ""
          },
          "sensitive_attributes": [
            [
              {
                "type": "get_attr",
                "value": "admin_password"
              }
            ],
            [
              {
                "type": "get_attr",
                "value": "custom_data"
              }
            ]
          ],
          "identity_schema_version": 0,
          "private": "eyJlMmJmYjczMC1lY2FhLTExZTYtOGY4OC0zNDM2M2JjN2M0YzAiOnsiY3JlYXRlIjoyNzAwMDAwMDAwMDAwLCJkZWxldGUiOjI3MDAwMDAwMDAwMDAsInJlYWQiOjMwMDAwMDAwMDAwMCwidXBkYXRlIjoyNzAwMDAwMDAwMDAwfX0=",
          "dependencies": [
            "azurerm_network_interface.lab",
            "azurerm_resource_group.rg",
            "azurerm_subnet.lab",
            "azurerm_virtual_network.vnet"
          ]
        },
        {
          "index_key": 15,
          "schema_version": 0,
          "attributes": {
            "additional_capabilities": [],
            "additional_unattend_content": [],
            "admin_password": "AccL@b2025!",
            "admin_username": "accwig",
            "allow_extension_operations": true,
            "availability_set_id": "",
            "boot_diagnostics": [],
            "bypass_platform_safety_checks_on_user_schedule_enabled": false,
            "capacity_reservation_group_id": "",
            "computer_name": "lab-vm-16",
            "custom_data": null,
            "dedicated_host_group_id": "",
            "dedicated_host_id": "",
            "disk_controller_type": "SCSI",
            "edge_zone": "",
            "enable_automatic_updates": true,
            "encryption_at_host_enabled": false,
            "eviction_policy": "",
            "extensions_time_budget": "PT1H30M",
            "gallery_application": [],
            "hotpatching_enabled": false,
            "id": "/subscriptions/086e7bea-9a5e-40f0-9495-7d00486c88b2/resourceGroups/rg-acclotlab-bckosf/providers/Microsoft.Compute/virtualMachines/lab-vm-16",
            "identity": [],
            "license_type": "",
            "location": "westus3",
            "max_bid_price": -1,
            "name": "lab-vm-16",
            "network_interface_ids": [
              "/subscriptions/086e7bea-9a5e-40f0-9495-7d00486c88b2/resourceGroups/rg-acclotlab-bckosf/providers/Microsoft.Network/networkInterfaces/nic-lab-vm-16"
            ],
            "os_disk": [
              {
                "caching": "ReadWrite",
                "diff_disk_settings": [],
                "disk_encryption_set_id": "",
                "disk_size_gb": 128,
                "name": "lab-vm-16_OsDisk_1_e8af8af49c1e4c369d0daf7c17d99ce3",
                "secure_vm_disk_encryption_set_id": "",
                "security_encryption_type": "",
                "storage_account_type": "Premium_LRS",
                "write_accelerator_enabled": false
              }
            ],
            "os_image_notification": [],
            "patch_assessment_mode": "ImageDefault",
            "patch_mode": "AutomaticByPlatform",
            "plan": [],
            "platform_fault_domain": -1,
            "priority": "Regular",
            "private_ip_address": "10.20.1.14",
            "private_ip_addresses": [
              "10.20.1.14"
            ],
            "provision_vm_agent": true,
            "proximity_placement_group_id": "",
            "public_ip_address": "",
            "public_ip_addresses": [],
            "reboot_setting": "",
            "resource_group_name": "rg-acclotlab-bckosf",
            "secret": [],
            "secure_boot_enabled": false,
            "size": "Standard_D2s_v5",
            "source_image_id": "",
            "source_image_reference": [
              {
                "offer": "WindowsServer",
                "publisher": "MicrosoftWindowsServer",
                "sku": "2019-datacenter-gensecond",
                "version": "latest"
              }
            ],
            "tags": {
              "environment": "lab",
              "lab_attendee": "vm-16",
              "project": "acclotlab"
            },
            "termination_notification": null,
            "timeouts": null,
            "timezone": "",
            "user_data": "",
            "virtual_machine_id": "b340b57a-625a-429d-94f3-861db68bfe6e",
            "virtual_machine_scale_set_id": "",
            "vm_agent_platform_updates_enabled": true,
            "vtpm_enabled": false,
            "winrm_listener": [],
            "zone": ""
          },
          "sensitive_attributes": [
            [
              {
                "type": "get_attr",
                "value": "admin_password"
              }
            ],
            [
              {
                "type": "get_attr",
                "value": "custom_data"
              }
            ]
          ],
          "identity_schema_version": 0,
          "private": "eyJlMmJmYjczMC1lY2FhLTExZTYtOGY4OC0zNDM2M2JjN2M0YzAiOnsiY3JlYXRlIjoyNzAwMDAwMDAwMDAwLCJkZWxldGUiOjI3MDAwMDAwMDAwMDAsInJlYWQiOjMwMDAwMDAwMDAwMCwidXBkYXRlIjoyNzAwMDAwMDAwMDAwfX0=",
          "dependencies": [
            "azurerm_network_interface.lab",
            "azurerm_resource_group.rg",
            "azurerm_subnet.lab",
            "azurerm_virtual_network.vnet"
          ]
        },
        {
          "index_key": 16,
          "schema_version": 0,
          "attributes": {
            "additional_capabilities": [],
            "additional_unattend_content": [],
            "admin_password": "AccL@b2025!",
            "admin_username": "accwig",
            "allow_extension_operations": true,
            "availability_set_id": "",
            "boot_diagnostics": [],
            "bypass_platform_safety_checks_on_user_schedule_enabled": false,
            "capacity_reservation_group_id": "",
            "computer_name": "lab-vm-17",
            "custom_data": null,
            "dedicated_host_group_id": "",
            "dedicated_host_id": "",
            "disk_controller_type": "SCSI",
            "edge_zone": "",
            "enable_automatic_updates": true,
            "encryption_at_host_enabled": false,
            "eviction_policy": "",
            "extensions_time_budget": "PT1H30M",
            "gallery_application": [],
            "hotpatching_enabled": false,
            "id": "/subscriptions/086e7bea-9a5e-40f0-9495-7d00486c88b2/resourceGroups/rg-acclotlab-bckosf/providers/Microsoft.Compute/virtualMachines/lab-vm-17",
            "identity": [],
            "license_type": "",
            "location": "westus3",
            "max_bid_price": -1,
            "name": "lab-vm-17",
            "network_interface_ids": [
              "/subscriptions/086e7bea-9a5e-40f0-9495-7d00486c88b2/resourceGroups/rg-acclotlab-bckosf/providers/Microsoft.Network/networkInterfaces/nic-lab-vm-17"
            ],
            "os_disk": [
              {
                "caching": "ReadWrite",
                "diff_disk_settings": [],
                "disk_encryption_set_id": "",
                "disk_size_gb": 128,
                "name": "lab-vm-17_OsDisk_1_15b908c61dad44b7abdb4f7053ae96cf",
                "secure_vm_disk_encryption_set_id": "",
                "security_encryption_type": "",
                "storage_account_type": "Premium_LRS",
                "write_accelerator_enabled": false
              }
            ],
            "os_image_notification": [],
            "patch_assessment_mode": "ImageDefault",
            "patch_mode": "AutomaticByPlatform",
            "plan": [],
            "platform_fault_domain": -1,
            "priority": "Regular",
            "private_ip_address": "10.20.1.23",
            "private_ip_addresses": [
              "10.20.1.23"
            ],
            "provision_vm_agent": true,
            "proximity_placement_group_id": "",
            "public_ip_address": "",
            "public_ip_addresses": [],
            "reboot_setting": "",
            "resource_group_name": "rg-acclotlab-bckosf",
            "secret": [],
            "secure_boot_enabled": false,
            "size": "Standard_D2s_v5",
            "source_image_id": "",
            "source_image_reference": [
              {
                "offer": "WindowsServer",
                "publisher": "MicrosoftWindowsServer",
                "sku": "2019-datacenter-gensecond",
                "version": "latest"
              }
            ],
            "tags": {
              "environment": "lab",
              "lab_attendee": "vm-17",
              "project": "acclotlab"
            },
            "termination_notification": null,
            "timeouts": null,
            "timezone": "",
            "user_data": "",
            "virtual_machine_id": "7f1621eb-6c4f-4372-af14-dcbd6026be03",
            "virtual_machine_scale_set_id": "",
            "vm_agent_platform_updates_enabled": true,
            "vtpm_enabled": false,
            "winrm_listener": [],
            "zone": ""
          },
          "sensitive_attributes": [
            [
              {
                "type": "get_attr",
                "value": "admin_password"
              }
            ],
            [
              {
                "type": "get_attr",
                "value": "custom_data"
              }
            ]
          ],
          "identity_schema_version": 0,
          "private": "eyJlMmJmYjczMC1lY2FhLTExZTYtOGY4OC0zNDM2M2JjN2M0YzAiOnsiY3JlYXRlIjoyNzAwMDAwMDAwMDAwLCJkZWxldGUiOjI3MDAwMDAwMDAwMDAsInJlYWQiOjMwMDAwMDAwMDAwMCwidXBkYXRlIjoyNzAwMDAwMDAwMDAwfX0=",
          "dependencies": [
            "azurerm_network_interface.lab",
            "azurerm_resource_group.rg",
            "azurerm_subnet.lab",
            "azurerm_virtual_network.vnet"
          ]
        },
        {
          "index_key": 17,
          "schema_version": 0,
          "attributes": {
            "additional_capabilities": [],
            "additional_unattend_content": [],
            "admin_password": "AccL@b2025!",
            "admin_username": "accwig",
            "allow_extension_operations": true,
            "availability_set_id": "",
            "boot_diagnostics": [],
            "bypass_platform_safety_checks_on_user_schedule_enabled": false,
            "capacity_reservation_group_id": "",
            "computer_name": "lab-vm-18",
            "custom_data": null,
            "dedicated_host_group_id": "",
            "dedicated_host_id": "",
            "disk_controller_type": "SCSI",
            "edge_zone": "",
            "enable_automatic_updates": true,
            "encryption_at_host_enabled": false,
            "eviction_policy": "",
            "extensions_time_budget": "PT1H30M",
            "gallery_application": [],
            "hotpatching_enabled": false,
            "id": "/subscriptions/086e7bea-9a5e-40f0-9495-7d00486c88b2/resourceGroups/rg-acclotlab-bckosf/providers/Microsoft.Compute/virtualMachines/lab-vm-18",
            "identity": [],
            "license_type": "",
            "location": "westus3",
            "max_bid_price": -1,
            "name": "lab-vm-18",
            "network_interface_ids": [
              "/subscriptions/086e7bea-9a5e-40f0-9495-7d00486c88b2/resourceGroups/rg-acclotlab-bckosf/providers/Microsoft.Network/networkInterfaces/nic-lab-vm-18"
            ],
            "os_disk": [
              {
                "caching": "ReadWrite",
                "diff_disk_settings": [],
                "disk_encryption_set_id": "",
                "disk_size_gb": 128,
                "name": "lab-vm-18_OsDisk_1_7d709e12e2fb4ca899d00f525810fc8e",
                "secure_vm_disk_encryption_set_id": "",
                "security_encryption_type": "",
                "storage_account_type": "Premium_LRS",
                "write_accelerator_enabled": false
              }
            ],
            "os_image_notification": [],
            "patch_assessment_mode": "ImageDefault",
            "patch_mode": "AutomaticByPlatform",
            "plan": [],
            "platform_fault_domain": -1,
            "priority": "Regular",
            "private_ip_address": "10.20.1.18",
            "private_ip_addresses": [
              "10.20.1.18"
            ],
            "provision_vm_agent": true,
            "proximity_placement_group_id": "",
            "public_ip_address": "",
            "public_ip_addresses": [],
            "reboot_setting": "",
            "resource_group_name": "rg-acclotlab-bckosf",
            "secret": [],
            "secure_boot_enabled": false,
            "size": "Standard_D2s_v5",
            "source_image_id": "",
            "source_image_reference": [
              {
                "offer": "WindowsServer",
                "publisher": "MicrosoftWindowsServer",
                "sku": "2019-datacenter-gensecond",
                "version": "latest"
              }
            ],
            "tags": {
              "environment": "lab",
              "lab_attendee": "vm-18",
              "project": "acclotlab"
            },
            "termination_notification": null,
            "timeouts": null,
            "timezone": "",
            "user_data": "",
            "virtual_machine_id": "0903e729-c84f-49e7-8aad-277ee094a4f8",
            "virtual_machine_scale_set_id": "",
            "vm_agent_platform_updates_enabled": true,
            "vtpm_enabled": false,
            "winrm_listener": [],
            "zone": ""
          },
          "sensitive_attributes": [
            [
              {
                "type": "get_attr",
                "value": "admin_password"
              }
            ],
            [
              {
                "type": "get_attr",
                "value": "custom_data"
              }
            ]
          ],
          "identity_schema_version": 0,
          "private": "eyJlMmJmYjczMC1lY2FhLTExZTYtOGY4OC0zNDM2M2JjN2M0YzAiOnsiY3JlYXRlIjoyNzAwMDAwMDAwMDAwLCJkZWxldGUiOjI3MDAwMDAwMDAwMDAsInJlYWQiOjMwMDAwMDAwMDAwMCwidXBkYXRlIjoyNzAwMDAwMDAwMDAwfX0=",
          "dependencies": [
            "azurerm_network_interface.lab",
            "azurerm_resource_group.rg",
            "azurerm_subnet.lab",
            "azurerm_virtual_network.vnet"
          ]
        },
        {
          "index_key": 18,
          "schema_version": 0,
          "attributes": {
            "additional_capabilities": [],
            "additional_unattend_content": [],
            "admin_password": "AccL@b2025!",
            "admin_username": "accwig",
            "allow_extension_operations": true,
            "availability_set_id": "",
            "boot_diagnostics": [],
            "bypass_platform_safety_checks_on_user_schedule_enabled": false,
            "capacity_reservation_group_id": "",
            "computer_name": "lab-vm-19",
            "custom_data": null,
            "dedicated_host_group_id": "",
            "dedicated_host_id": "",
            "disk_controller_type": "SCSI",
            "edge_zone": "",
            "enable_automatic_updates": true,
            "encryption_at_host_enabled": false,
            "eviction_policy": "",
            "extensions_time_budget": "PT1H30M",
            "gallery_application": [],
            "hotpatching_enabled": false,
            "id": "/subscriptions/086e7bea-9a5e-40f0-9495-7d00486c88b2/resourceGroups/rg-acclotlab-bckosf/providers/Microsoft.Compute/virtualMachines/lab-vm-19",
            "identity": [],
            "license_type": "",
            "location": "westus3",
            "max_bid_price": -1,
            "name": "lab-vm-19",
            "network_interface_ids": [
              "/subscriptions/086e7bea-9a5e-40f0-9495-7d00486c88b2/resourceGroups/rg-acclotlab-bckosf/providers/Microsoft.Network/networkInterfaces/nic-lab-vm-19"
            ],
            "os_disk": [
              {
                "caching": "ReadWrite",
                "diff_disk_settings": [],
                "disk_encryption_set_id": "",
                "disk_size_gb": 128,
                "name": "lab-vm-19_OsDisk_1_899e29e7201849be88075873200e85fd",
                "secure_vm_disk_encryption_set_id": "",
                "security_encryption_type": "",
                "storage_account_type": "Premium_LRS",
                "write_accelerator_enabled": false
              }
            ],
            "os_image_notification": [],
            "patch_assessment_mode": "ImageDefault",
            "patch_mode": "AutomaticByPlatform",
            "plan": [],
            "platform_fault_domain": -1,
            "priority": "Regular",
            "private_ip_address": "10.20.1.5",
            "private_ip_addresses": [
              "10.20.1.5"
            ],
            "provision_vm_agent": true,
            "proximity_placement_group_id": "",
            "public_ip_address": "",
            "public_ip_addresses": [],
            "reboot_setting": "",
            "resource_group_name": "rg-acclotlab-bckosf",
            "secret": [],
            "secure_boot_enabled": false,
            "size": "Standard_D2s_v5",
            "source_image_id": "",
            "source_image_reference": [
              {
                "offer": "WindowsServer",
                "publisher": "MicrosoftWindowsServer",
                "sku": "2019-datacenter-gensecond",
                "version": "latest"
              }
            ],
            "tags": {
              "environment": "lab",
              "lab_attendee": "vm-19",
              "project": "acclotlab"
            },
            "termination_notification": null,
            "timeouts": null,
            "timezone": "",
            "user_data": "",
            "virtual_machine_id": "d9d5c0a6-b9d2-4063-9308-39b2ff18f93d",
            "virtual_machine_scale_set_id": "",
            "vm_agent_platform_updates_enabled": true,
            "vtpm_enabled": false,
            "winrm_listener": [],
            "zone": ""
          },
          "sensitive_attributes": [
            [
              {
                "type": "get_attr",
                "value": "admin_password"
              }
            ],
            [
              {
                "type": "get_attr",
                "value": "custom_data"
              }
            ]
          ],
          "identity_schema_version": 0,
          "private": "eyJlMmJmYjczMC1lY2FhLTExZTYtOGY4OC0zNDM2M2JjN2M0YzAiOnsiY3JlYXRlIjoyNzAwMDAwMDAwMDAwLCJkZWxldGUiOjI3MDAwMDAwMDAwMDAsInJlYWQiOjMwMDAwMDAwMDAwMCwidXBkYXRlIjoyNzAwMDAwMDAwMDAwfX0=",
          "dependencies": [
            "azurerm_network_interface.lab",
            "azurerm_resource_group.rg",
            "azurerm_subnet.lab",
            "azurerm_virtual_network.vnet"
          ]
        },
        {
          "index_key": 19,
          "schema_version": 0,
          "attributes": {
            "additional_capabilities": [],
            "additional_unattend_content": [],
            "admin_password": "AccL@b2025!",
            "admin_username": "accwig",
            "allow_extension_operations": true,
            "availability_set_id": "",
            "boot_diagnostics": [],
            "bypass_platform_safety_checks_on_user_schedule_enabled": false,
            "capacity_reservation_group_id": "",
            "computer_name": "lab-vm-20",
            "custom_data": null,
            "dedicated_host_group_id": "",
            "dedicated_host_id": "",
            "disk_controller_type": "SCSI",
            "edge_zone": "",
            "enable_automatic_updates": true,
            "encryption_at_host_enabled": false,
            "eviction_policy": "",
            "extensions_time_budget": "PT1H30M",
            "gallery_application": [],
            "hotpatching_enabled": false,
            "id": "/subscriptions/086e7bea-9a5e-40f0-9495-7d00486c88b2/resourceGroups/rg-acclotlab-bckosf/providers/Microsoft.Compute/virtualMachines/lab-vm-20",
            "identity": [],
            "license_type": "",
            "location": "westus3",
            "max_bid_price": -1,
            "name": "lab-vm-20",
            "network_interface_ids": [
              "/subscriptions/086e7bea-9a5e-40f0-9495-7d00486c88b2/resourceGroups/rg-acclotlab-bckosf/providers/Microsoft.Network/networkInterfaces/nic-lab-vm-20"
            ],
            "os_disk": [
              {
                "caching": "ReadWrite",
                "diff_disk_settings": [],
                "disk_encryption_set_id": "",
                "disk_size_gb": 128,
                "name": "lab-vm-20_OsDisk_1_df67e9cf79e44e048d7255d2976e5232",
                "secure_vm_disk_encryption_set_id": "",
                "security_encryption_type": "",
                "storage_account_type": "Premium_LRS",
                "write_accelerator_enabled": false
              }
            ],
            "os_image_notification": [],
            "patch_assessment_mode": "ImageDefault",
            "patch_mode": "AutomaticByPlatform",
            "plan": [],
            "platform_fault_domain": -1,
            "priority": "Regular",
            "private_ip_address": "10.20.1.11",
            "private_ip_addresses": [
              "10.20.1.11"
            ],
            "provision_vm_agent": true,
            "proximity_placement_group_id": "",
            "public_ip_address": "",
            "public_ip_addresses": [],
            "reboot_setting": "",
            "resource_group_name": "rg-acclotlab-bckosf",
            "secret": [],
            "secure_boot_enabled": false,
            "size": "Standard_D2s_v5",
            "source_image_id": "",
            "source_image_reference": [
              {
                "offer": "WindowsServer",
                "publisher": "MicrosoftWindowsServer",
                "sku": "2019-datacenter-gensecond",
                "version": "latest"
              }
            ],
            "tags": {
              "environment": "lab",
              "lab_attendee": "vm-20",
              "project": "acclotlab"
            },
            "termination_notification": null,
            "timeouts": null,
            "timezone": "",
            "user_data": "",
            "virtual_machine_id": "ce90a8cb-e4c4-4342-a9bf-e553058e692c",
            "virtual_machine_scale_set_id": "",
            "vm_agent_platform_updates_enabled": true,
            "vtpm_enabled": false,
            "winrm_listener": [],
            "zone": ""
          },
          "sensitive_attributes": [
            [
              {
                "type": "get_attr",
                "value": "admin_password"
              }
            ],
            [
              {
                "type": "get_attr",
                "value": "custom_data"
              }
            ]
          ],
          "identity_schema_version": 0,
          "private": "eyJlMmJmYjczMC1lY2FhLTExZTYtOGY4OC0zNDM2M2JjN2M0YzAiOnsiY3JlYXRlIjoyNzAwMDAwMDAwMDAwLCJkZWxldGUiOjI3MDAwMDAwMDAwMDAsInJlYWQiOjMwMDAwMDAwMDAwMCwidXBkYXRlIjoyNzAwMDAwMDAwMDAwfX0=",
          "dependencies": [
            "azurerm_network_interface.lab",
            "azurerm_resource_group.rg",
            "azurerm_subnet.lab",
            "azurerm_virtual_network.vnet"
          ]
        }
      ]
    }
  ],
  "check_results": null
}
