{
  "version": 4,
  "terraform_version": "1.14.8",
  "serial": 11,
  "lineage": "2c8629d4-8b0d-9618-c37c-4b731a9582d0",
  "outputs": {
    "bastion_name": {
      "value": "bastion-acclotlab",
      "type": "string"
    },
    "bastion_public_ip": {
      "value": "20.169.32.227",
      "type": "string"
    },
    "vm_names": {
      "value": [
        "lab-vm-1"
      ],
      "type": [
        "tuple",
        [
          "string"
        ]
      ]
    },
    "vm_private_ips": {
      "value": [
        "10.20.1.4"
      ],
      "type": [
        "tuple",
        [
          "string"
        ]
      ]
    }
  },
  "resources": [
    {
      "mode": "managed",
      "type": "azurerm_bastion_host",
      "name": "bastion",
      "provider": "provider[\"registry.terraform.io/hashicorp/azurerm\"]",
      "instances": [
        {
          "schema_version": 0,
          "attributes": {
            "copy_paste_enabled": true,
            "dns_name": "bst-6ec31e0c-660d-4ef2-8eb1-445f17cf2647.bastion.azure.com",
            "file_copy_enabled": false,
            "id": "/subscriptions/086e7bea-9a5e-40f0-9495-7d00486c88b2/resourceGroups/rg-acclotlab-bckosf/providers/Microsoft.Network/bastionHosts/bastion-acclotlab",
            "ip_configuration": [
              {
                "name": "ipconfig1",
                "public_ip_address_id": "/subscriptions/086e7bea-9a5e-40f0-9495-7d00486c88b2/resourceGroups/rg-acclotlab-bckosf/providers/Microsoft.Network/publicIPAddresses/pip-bastion-lab",
                "subnet_id": "/subscriptions/086e7bea-9a5e-40f0-9495-7d00486c88b2/resourceGroups/rg-acclotlab-bckosf/providers/Microsoft.Network/virtualNetworks/vnet-acclotlab/subnets/AzureBastionSubnet"
              }
            ],
            "ip_connect_enabled": false,
            "kerberos_enabled": false,
            "location": "westus3",
            "name": "bastion-acclotlab",
            "resource_group_name": "rg-acclotlab-bckosf",
            "scale_units": 2,
            "shareable_link_enabled": true,
            "sku": "Standard",
            "tags": {
              "environment": "lab",
              "project": "acclotlab"
            },
            "timeouts": null,
            "tunneling_enabled": true,
            "virtual_network_id": ""
          },
          "sensitive_attributes": [],
          "identity_schema_version": 0,
          "private": "eyJlMmJmYjczMC1lY2FhLTExZTYtOGY4OC0zNDM2M2JjN2M0YzAiOnsiY3JlYXRlIjoxODAwMDAwMDAwMDAwLCJkZWxldGUiOjE4MDAwMDAwMDAwMDAsInJlYWQiOjMwMDAwMDAwMDAwMCwidXBkYXRlIjoxODAwMDAwMDAwMDAwfX0=",
          "dependencies": [
            "azurerm_public_ip.bastion",
            "azurerm_resource_group.rg",
            "azurerm_subnet.bastion",
            "azurerm_virtual_network.vnet"
          ]
        }
      ]
    },
    {
      "mode": "managed",
      "type": "azurerm_network_interface",
      "name": "lab",
      "provider": "provider[\"registry.terraform.io/hashicorp/azurerm\"]",
      "instances": [
        {
          "index_key": 0,
          "schema_version": 0,
          "attributes": {
            "accelerated_networking_enabled": false,
            "applied_dns_servers": [],
            "auxiliary_mode": "",
            "auxiliary_sku": "",
            "dns_servers": [],
            "edge_zone": "",
            "enable_accelerated_networking": false,
            "enable_ip_forwarding": false,
            "id": "/subscriptions/086e7bea-9a5e-40f0-9495-7d00486c88b2/resourceGroups/rg-acclotlab-bckosf/providers/Microsoft.Network/networkInterfaces/nic-lab-vm-1",
            "internal_dns_name_label": "",
            "internal_domain_name_suffix": "03hmqlao5xeepp2o30zbhqyndf.phxx.internal.cloudapp.net",
            "ip_configuration": [
              {
                "gateway_load_balancer_frontend_ip_configuration_id": "",
                "name": "ipconfig1",
                "primary": true,
                "private_ip_address": "10.20.1.4",
                "private_ip_address_allocation": "Dynamic",
                "private_ip_address_version": "IPv4",
                "public_ip_address_id": "",
                "subnet_id": "/subscriptions/086e7bea-9a5e-40f0-9495-7d00486c88b2/resourceGroups/rg-acclotlab-bckosf/providers/Microsoft.Network/virtualNetworks/vnet-acclotlab/subnets/snet-acclotlab"
              }
            ],
            "ip_forwarding_enabled": false,
            "location": "westus3",
            "mac_address": "",
            "name": "nic-lab-vm-1",
            "private_ip_address": "10.20.1.4",
            "private_ip_addresses": [
              "10.20.1.4"
            ],
            "resource_group_name": "rg-acclotlab-bckosf",
            "tags": {
              "environment": "lab",
              "project": "acclotlab"
            },
            "timeouts": null,
            "virtual_machine_id": ""
          },
          "sensitive_attributes": [],
          "identity_schema_version": 0,
          "private": "eyJlMmJmYjczMC1lY2FhLTExZTYtOGY4OC0zNDM2M2JjN2M0YzAiOnsiY3JlYXRlIjoxODAwMDAwMDAwMDAwLCJkZWxldGUiOjE4MDAwMDAwMDAwMDAsInJlYWQiOjMwMDAwMDAwMDAwMCwidXBkYXRlIjoxODAwMDAwMDAwMDAwfX0=",
          "dependencies": [
            "azurerm_resource_group.rg",
            "azurerm_subnet.lab",
            "azurerm_virtual_network.vnet"
          ]
        }
      ]
    },
    {
      "mode": "managed",
      "type": "azurerm_network_interface_security_group_association",
      "name": "lab",
      "provider": "provider[\"registry.terraform.io/hashicorp/azurerm\"]",
      "instances": [
        {
          "index_key": 0,
          "schema_version": 0,
          "attributes": {
            "id": "/subscriptions/086e7bea-9a5e-40f0-9495-7d00486c88b2/resourceGroups/rg-acclotlab-bckosf/providers/Microsoft.Network/networkInterfaces/nic-lab-vm-1|/subscriptions/086e7bea-9a5e-40f0-9495-7d00486c88b2/resourceGroups/rg-acclotlab-bckosf/providers/Microsoft.Network/networkSecurityGroups/nsg-lab-vms",
            "network_interface_id": "/subscriptions/086e7bea-9a5e-40f0-9495-7d00486c88b2/resourceGroups/rg-acclotlab-bckosf/providers/Microsoft.Network/networkInterfaces/nic-lab-vm-1",
            "network_security_group_id": "/subscriptions/086e7bea-9a5e-40f0-9495-7d00486c88b2/resourceGroups/rg-acclotlab-bckosf/providers/Microsoft.Network/networkSecurityGroups/nsg-lab-vms",
            "timeouts": null
          },
          "sensitive_attributes": [],
          "identity_schema_version": 0,
          "private": "eyJlMmJmYjczMC1lY2FhLTExZTYtOGY4OC0zNDM2M2JjN2M0YzAiOnsiY3JlYXRlIjoxODAwMDAwMDAwMDAwLCJkZWxldGUiOjE4MDAwMDAwMDAwMDAsInJlYWQiOjMwMDAwMDAwMDAwMH19",
          "dependencies": [
            "azurerm_network_interface.lab",
            "azurerm_network_security_group.lab",
            "azurerm_resource_group.rg",
            "azurerm_subnet.lab",
            "azurerm_virtual_network.vnet"
          ]
        }
      ]
    },
    {
      "mode": "managed",
      "type": "azurerm_network_security_group",
      "name": "lab",
      "provider": "provider[\"registry.terraform.io/hashicorp/azurerm\"]",
      "instances": [
        {
          "schema_version": 0,
          "attributes": {
            "id": "/subscriptions/086e7bea-9a5e-40f0-9495-7d00486c88b2/resourceGroups/rg-acclotlab-bckosf/providers/Microsoft.Network/networkSecurityGroups/nsg-lab-vms",
            "location": "westus3",
            "name": "nsg-lab-vms",
            "resource_group_name": "rg-acclotlab-bckosf",
            "security_rule": [
              {
                "access": "Allow",
                "description": "",
                "destination_address_prefix": "*",
                "destination_address_prefixes": [],
                "destination_application_security_group_ids": [],
                "destination_port_range": "3389",
                "destination_port_ranges": [],
                "direction": "Inbound",
                "name": "Allow-RDP-From-Bastion",
                "priority": 1000,
                "protocol": "Tcp",
                "source_address_prefix": "VirtualNetwork",
                "source_address_prefixes": [],
                "source_application_security_group_ids": [],
                "source_port_range": "*",
                "source_port_ranges": []
              }
            ],
            "tags": {
              "environment": "lab",
              "project": "acclotlab"
            },
            "timeouts": null
          },
          "sensitive_attributes": [],
          "identity_schema_version": 0,
          "private": "eyJlMmJmYjczMC1lY2FhLTExZTYtOGY4OC0zNDM2M2JjN2M0YzAiOnsiY3JlYXRlIjoxODAwMDAwMDAwMDAwLCJkZWxldGUiOjE4MDAwMDAwMDAwMDAsInJlYWQiOjMwMDAwMDAwMDAwMCwidXBkYXRlIjoxODAwMDAwMDAwMDAwfX0=",
          "dependencies": [
            "azurerm_resource_group.rg"
          ]
        }
      ]
    },
    {
      "mode": "managed",
      "type": "azurerm_public_ip",
      "name": "bastion",
      "provider": "provider[\"registry.terraform.io/hashicorp/azurerm\"]",
      "instances": [
        {
          "schema_version": 0,
          "attributes": {
            "allocation_method": "Static",
            "ddos_protection_mode": "VirtualNetworkInherited",
            "ddos_protection_plan_id": null,
            "domain_name_label": null,
            "edge_zone": "",
            "fqdn": null,
            "id": "/subscriptions/086e7bea-9a5e-40f0-9495-7d00486c88b2/resourceGroups/rg-acclotlab-bckosf/providers/Microsoft.Network/publicIPAddresses/pip-bastion-lab",
            "idle_timeout_in_minutes": 4,
            "ip_address": "20.169.32.227",
            "ip_tags": {
              "FirstPartyUsage": "/Unprivileged"
            },
            "ip_version": "IPv4",
            "location": "westus3",
            "name": "pip-bastion-lab",
            "public_ip_prefix_id": null,
            "resource_group_name": "rg-acclotlab-bckosf",
            "reverse_fqdn": null,
            "sku": "Standard",
            "sku_tier": "Regional",
            "tags": {
              "environment": "lab",
              "project": "acclotlab"
            },
            "timeouts": null,
            "zones": null
          },
          "sensitive_attributes": [],
          "identity_schema_version": 0,
          "private": "eyJlMmJmYjczMC1lY2FhLTExZTYtOGY4OC0zNDM2M2JjN2M0YzAiOnsiY3JlYXRlIjoxODAwMDAwMDAwMDAwLCJkZWxldGUiOjE4MDAwMDAwMDAwMDAsInJlYWQiOjMwMDAwMDAwMDAwMCwidXBkYXRlIjoxODAwMDAwMDAwMDAwfX0=",
          "dependencies": [
            "azurerm_resource_group.rg"
          ]
        }
      ]
    },
    {
      "mode": "managed",
      "type": "azurerm_resource_group",
      "name": "rg",
      "provider": "provider[\"registry.terraform.io/hashicorp/azurerm\"]",
      "instances": [
        {
          "schema_version": 0,
          "attributes": {
            "id": "/subscriptions/086e7bea-9a5e-40f0-9495-7d00486c88b2/resourceGroups/rg-acclotlab-bckosf",
            "location": "westus3",
            "managed_by": "",
            "name": "rg-acclotlab-bckosf",
            "tags": {
              "environment": "lab",
              "project": "acclotlab"
            },
            "timeouts": null
          },
          "sensitive_attributes": [],
          "identity_schema_version": 0,
          "private": "eyJlMmJmYjczMC1lY2FhLTExZTYtOGY4OC0zNDM2M2JjN2M0YzAiOnsiY3JlYXRlIjo1NDAwMDAwMDAwMDAwLCJkZWxldGUiOjU0MDAwMDAwMDAwMDAsInJlYWQiOjMwMDAwMDAwMDAwMCwidXBkYXRlIjo1NDAwMDAwMDAwMDAwfX0="
        }
      ]
    },
    {
      "mode": "managed",
      "type": "azurerm_subnet",
      "name": "bastion",
      "provider": "provider[\"registry.terraform.io/hashicorp/azurerm\"]",
      "instances": [
        {
          "schema_version": 0,
          "attributes": {
            "address_prefixes": [
              "10.20.2.0/26"
            ],
            "default_outbound_access_enabled": false,
            "delegation": [],
            "enforce_private_link_endpoint_network_policies": false,
            "enforce_private_link_service_network_policies": false,
            "id": "/subscriptions/086e7bea-9a5e-40f0-9495-7d00486c88b2/resourceGroups/rg-acclotlab-bckosf/providers/Microsoft.Network/virtualNetworks/vnet-acclotlab/subnets/AzureBastionSubnet",
            "name": "AzureBastionSubnet",
            "private_endpoint_network_policies": "Enabled",
            "private_endpoint_network_policies_enabled": true,
            "private_link_service_network_policies_enabled": true,
            "resource_group_name": "rg-acclotlab-bckosf",
            "service_endpoint_policy_ids": null,
            "service_endpoints": null,
            "timeouts": null,
            "virtual_network_name": "vnet-acclotlab"
          },
          "sensitive_attributes": [],
          "identity_schema_version": 0,
          "private": "eyJlMmJmYjczMC1lY2FhLTExZTYtOGY4OC0zNDM2M2JjN2M0YzAiOnsiY3JlYXRlIjoxODAwMDAwMDAwMDAwLCJkZWxldGUiOjE4MDAwMDAwMDAwMDAsInJlYWQiOjMwMDAwMDAwMDAwMCwidXBkYXRlIjoxODAwMDAwMDAwMDAwfX0=",
          "dependencies": [
            "azurerm_resource_group.rg",
            "azurerm_virtual_network.vnet"
          ]
        }
      ]
    },
    {
      "mode": "managed",
      "type": "azurerm_subnet",
      "name": "lab",
      "provider": "provider[\"registry.terraform.io/hashicorp/azurerm\"]",
      "instances": [
        {
          "schema_version": 0,
          "attributes": {
            "address_prefixes": [
              "10.20.1.0/24"
            ],
            "default_outbound_access_enabled": false,
            "delegation": [],
            "enforce_private_link_endpoint_network_policies": false,
            "enforce_private_link_service_network_policies": false,
            "id": "/subscriptions/086e7bea-9a5e-40f0-9495-7d00486c88b2/resourceGroups/rg-acclotlab-bckosf/providers/Microsoft.Network/virtualNetworks/vnet-acclotlab/subnets/snet-acclotlab",
            "name": "snet-acclotlab",
            "private_endpoint_network_policies": "Enabled",
            "private_endpoint_network_policies_enabled": true,
            "private_link_service_network_policies_enabled": true,
            "resource_group_name": "rg-acclotlab-bckosf",
            "service_endpoint_policy_ids": null,
            "service_endpoints": null,
            "timeouts": null,
            "virtual_network_name": "vnet-acclotlab"
          },
          "sensitive_attributes": [],
          "identity_schema_version": 0,
          "private": "eyJlMmJmYjczMC1lY2FhLTExZTYtOGY4OC0zNDM2M2JjN2M0YzAiOnsiY3JlYXRlIjoxODAwMDAwMDAwMDAwLCJkZWxldGUiOjE4MDAwMDAwMDAwMDAsInJlYWQiOjMwMDAwMDAwMDAwMCwidXBkYXRlIjoxODAwMDAwMDAwMDAwfX0=",
          "dependencies": [
            "azurerm_resource_group.rg",
            "azurerm_virtual_network.vnet"
          ]
        }
      ]
    },
    {
      "mode": "managed",
      "type": "azurerm_virtual_network",
      "name": "vnet",
      "provider": "provider[\"registry.terraform.io/hashicorp/azurerm\"]",
      "instances": [
        {
          "schema_version": 0,
          "attributes": {
            "address_space": [
              "10.20.0.0/16"
            ],
            "bgp_community": "",
            "ddos_protection_plan": [],
            "dns_servers": [],
            "edge_zone": "",
            "encryption": [],
            "flow_timeout_in_minutes": 0,
            "guid": "2cc84ed7-fd0e-47c8-bf8e-eeb213c30d1d",
            "id": "/subscriptions/086e7bea-9a5e-40f0-9495-7d00486c88b2/resourceGroups/rg-acclotlab-bckosf/providers/Microsoft.Network/virtualNetworks/vnet-acclotlab",
            "location": "westus3",
            "name": "vnet-acclotlab",
            "resource_group_name": "rg-acclotlab-bckosf",
            "subnet": [],
            "tags": {
              "environment": "lab",
              "project": "acclotlab"
            },
            "timeouts": null
          },
          "sensitive_attributes": [],
          "identity_schema_version": 0,
          "private": "eyJlMmJmYjczMC1lY2FhLTExZTYtOGY4OC0zNDM2M2JjN2M0YzAiOnsiY3JlYXRlIjoxODAwMDAwMDAwMDAwLCJkZWxldGUiOjE4MDAwMDAwMDAwMDAsInJlYWQiOjMwMDAwMDAwMDAwMCwidXBkYXRlIjoxODAwMDAwMDAwMDAwfX0=",
          "dependencies": [
            "azurerm_resource_group.rg"
          ]
        }
      ]
    },
    {
      "mode": "managed",
      "type": "azurerm_windows_virtual_machine",
      "name": "lab",
      "provider": "provider[\"registry.terraform.io/hashicorp/azurerm\"]",
      "instances": [
        {
          "index_key": 0,
          "schema_version": 0,
          "attributes": {
            "additional_capabilities": [],
            "additional_unattend_content": [],
            "admin_password": "yAccL@b2025!",
            "admin_username": "accwig",
            "allow_extension_operations": true,
            "availability_set_id": "",
            "boot_diagnostics": [],
            "bypass_platform_safety_checks_on_user_schedule_enabled": false,
            "capacity_reservation_group_id": "",
            "computer_name": "lab-vm-1",
            "custom_data": null,
            "dedicated_host_group_id": "",
            "dedicated_host_id": "",
            "disk_controller_type": "SCSI",
            "edge_zone": "",
            "enable_automatic_updates": true,
            "encryption_at_host_enabled": false,
            "eviction_policy": "",
            "extensions_time_budget": "PT1H30M",
            "gallery_application": [],
            "hotpatching_enabled": false,
            "id": "/subscriptions/086e7bea-9a5e-40f0-9495-7d00486c88b2/resourceGroups/rg-acclotlab-bckosf/providers/Microsoft.Compute/virtualMachines/lab-vm-1",
            "identity": [],
            "license_type": "",
            "location": "westus3",
            "max_bid_price": -1,
            "name": "lab-vm-1",
            "network_interface_ids": [
              "/subscriptions/086e7bea-9a5e-40f0-9495-7d00486c88b2/resourceGroups/rg-acclotlab-bckosf/providers/Microsoft.Network/networkInterfaces/nic-lab-vm-1"
            ],
            "os_disk": [
              {
                "caching": "ReadWrite",
                "diff_disk_settings": [],
                "disk_encryption_set_id": "",
                "disk_size_gb": 128,
                "name": "lab-vm-1_OsDisk_1_0c01f2c7d43e438aa4c614e2213ed478",
                "secure_vm_disk_encryption_set_id": "",
                "security_encryption_type": "",
                "storage_account_type": "Premium_LRS",
                "write_accelerator_enabled": false
              }
            ],
            "os_image_notification": [],
            "patch_assessment_mode": "ImageDefault",
            "patch_mode": "AutomaticByPlatform",
            "plan": [],
            "platform_fault_domain": -1,
            "priority": "Regular",
            "private_ip_address": "10.20.1.4",
            "private_ip_addresses": [
              "10.20.1.4"
            ],
            "provision_vm_agent": true,
            "proximity_placement_group_id": "",
            "public_ip_address": "",
            "public_ip_addresses": [],
            "reboot_setting": "",
            "resource_group_name": "rg-acclotlab-bckosf",
            "secret": [],
            "secure_boot_enabled": false,
            "size": "Standard_D2s_v5",
            "source_image_id": "",
            "source_image_reference": [
              {
                "offer": "WindowsServer",
                "publisher": "MicrosoftWindowsServer",
                "sku": "2019-datacenter-gensecond",
                "version": "latest"
              }
            ],
            "tags": {
              "environment": "lab",
              "lab_attendee": "vm-1",
              "project": "acclotlab"
            },
            "termination_notification": null,
            "timeouts": null,
            "timezone": "",
            "user_data": "",
            "virtual_machine_id": "bc8dbebd-678d-4616-b4f1-3678f44cfcf3",
            "virtual_machine_scale_set_id": "",
            "vm_agent_platform_updates_enabled": true,
            "vtpm_enabled": false,
            "winrm_listener": [],
            "zone": ""
          },
          "sensitive_attributes": [
            [
              {
                "type": "get_attr",
                "value": "admin_password"
              }
            ],
            [
              {
                "type": "get_attr",
                "value": "custom_data"
              }
            ]
          ],
          "identity_schema_version": 0,
          "private": "eyJlMmJmYjczMC1lY2FhLTExZTYtOGY4OC0zNDM2M2JjN2M0YzAiOnsiY3JlYXRlIjoyNzAwMDAwMDAwMDAwLCJkZWxldGUiOjI3MDAwMDAwMDAwMDAsInJlYWQiOjMwMDAwMDAwMDAwMCwidXBkYXRlIjoyNzAwMDAwMDAwMDAwfX0=",
          "dependencies": [
            "azurerm_network_interface.lab",
            "azurerm_resource_group.rg",
            "azurerm_subnet.lab",
            "azurerm_virtual_network.vnet"
          ]
        }
      ]
    }
  ],
  "check_results": null
}
